// !$*UTF8*$!
{
	archiveVersion = 1;
	classes = {
	};
	objectVersion = 56;
	objects = {

/* Begin PBXBuildFile section */
		302E069D2C3F14AB00FAD574 /* ScheduleViewModel.swift in Sources */ = {isa = PBXBuildFile; fileRef = 302E069C2C3F14AB00FAD574 /* ScheduleViewModel.swift */; };
		302E06A92C45884C00FAD574 /* StudyTimeChartView.swift in Sources */ = {isa = PBXBuildFile; fileRef = 302E06A82C45884C00FAD574 /* StudyTimeChartView.swift */; };
		30F216A42C2C885A00B7114F /* ThemeListViewController.swift in Sources */ = {isa = PBXBuildFile; fileRef = 30F216A32C2C885A00B7114F /* ThemeListViewController.swift */; };
		30F216A82C2C887A00B7114F /* ThemeListViewModel.swift in Sources */ = {isa = PBXBuildFile; fileRef = 30F216A72C2C887A00B7114F /* ThemeListViewModel.swift */; };
		30F216B92C2DEF3B00B7114F /* ThemePageViewController.swift in Sources */ = {isa = PBXBuildFile; fileRef = 30F216B82C2DEF3B00B7114F /* ThemePageViewController.swift */; };
		30F216BB2C2DEF4800B7114F /* ThemePageView.swift in Sources */ = {isa = PBXBuildFile; fileRef = 30F216BA2C2DEF4800B7114F /* ThemePageView.swift */; };
		30F216BD2C2DEF7400B7114F /* ThemePageViewModel.swift in Sources */ = {isa = PBXBuildFile; fileRef = 30F216BC2C2DEF7400B7114F /* ThemePageViewModel.swift */; };
		30F216C02C2F26FE00B7114F /* ChartView.swift in Sources */ = {isa = PBXBuildFile; fileRef = 30F216BF2C2F26FE00B7114F /* ChartView.swift */; };
		310B8A192C2F2694005339E8 /* TestPageViewController.swift in Sources */ = {isa = PBXBuildFile; fileRef = 310B8A182C2F2694005339E8 /* TestPageViewController.swift */; };
		310B8A1B2C2F26BE005339E8 /* TestPageView.swift in Sources */ = {isa = PBXBuildFile; fileRef = 310B8A1A2C2F26BE005339E8 /* TestPageView.swift */; };
		310B8A1F2C2F4ED5005339E8 /* TestTableViewCell.swift in Sources */ = {isa = PBXBuildFile; fileRef = 310B8A1E2C2F4ED5005339E8 /* TestTableViewCell.swift */; };
		317C11262C35BBBD00C5E7A5 /* TabBarController.swift in Sources */ = {isa = PBXBuildFile; fileRef = 317C11252C35BBBD00C5E7A5 /* TabBarController.swift */; };
		317C11282C35BF8200C5E7A5 /* FocusSessionSettingsCoordinator.swift in Sources */ = {isa = PBXBuildFile; fileRef = 317C11272C35BF8200C5E7A5 /* FocusSessionSettingsCoordinator.swift */; };
		317C112A2C35C4A100C5E7A5 /* FocusSessionCoordinator.swift in Sources */ = {isa = PBXBuildFile; fileRef = 317C11292C35C4A100C5E7A5 /* FocusSessionCoordinator.swift */; };
		317C112C2C35C4F100C5E7A5 /* ShowingTimer.swift in Sources */ = {isa = PBXBuildFile; fileRef = 317C112B2C35C4F100C5E7A5 /* ShowingTimer.swift */; };
		317C112E2C35C70700C5E7A5 /* FocusSessionSettingsViewModel.swift in Sources */ = {isa = PBXBuildFile; fileRef = 317C112D2C35C70700C5E7A5 /* FocusSessionSettingsViewModel.swift */; };
		317C11312C3EF74C00C5E7A5 /* StudyTimeViewController.swift in Sources */ = {isa = PBXBuildFile; fileRef = 317C11302C3EF74C00C5E7A5 /* StudyTimeViewController.swift */; };
		317C11332C3EF78200C5E7A5 /* StudyTimeViewModel.swift in Sources */ = {isa = PBXBuildFile; fileRef = 317C11322C3EF78200C5E7A5 /* StudyTimeViewModel.swift */; };
		317C11352C3EF7C700C5E7A5 /* StudyTimeView.swift in Sources */ = {isa = PBXBuildFile; fileRef = 317C11342C3EF7C700C5E7A5 /* StudyTimeView.swift */; };
		317C11372C3EF8A300C5E7A5 /* StudyTimeCoordinator.swift in Sources */ = {isa = PBXBuildFile; fileRef = 317C11362C3EF8A300C5E7A5 /* StudyTimeCoordinator.swift */; };
		317C11392C3F018B00C5E7A5 /* SubjectTimeTableViewCell.swift in Sources */ = {isa = PBXBuildFile; fileRef = 317C11382C3F018B00C5E7A5 /* SubjectTimeTableViewCell.swift */; };
		31AA70A22C2C8632002367CA /* DataBase.xcdatamodeld in Sources */ = {isa = PBXBuildFile; fileRef = 31AA70A02C2C8632002367CA /* DataBase.xcdatamodeld */; };
		682927502C30AE2F00FE29AA /* ThemeManager.swift in Sources */ = {isa = PBXBuildFile; fileRef = 68825BCE2C2F342100272451 /* ThemeManager.swift */; };
		682927512C30AE4000FE29AA /* (null) in Sources */ = {isa = PBXBuildFile; };
		68333DD22C3F81590064BF87 /* ScheduleDetailsViewModel.swift in Sources */ = {isa = PBXBuildFile; fileRef = 68333DD12C3F81590064BF87 /* ScheduleDetailsViewModel.swift */; };
		68333DD82C3F95AD0064BF87 /* ShowingScheduleDetails.swift in Sources */ = {isa = PBXBuildFile; fileRef = 68333DD72C3F95AD0064BF87 /* ShowingScheduleDetails.swift */; };
		6833B2152C345467009EA63D /* ObjectManager.swift in Sources */ = {isa = PBXBuildFile; fileRef = 6833B2142C345467009EA63D /* ObjectManager.swift */; };
		6833B21C2C3456D7009EA63D /* ViewCodeProtocol.swift in Sources */ = {isa = PBXBuildFile; fileRef = 6833B21B2C3456D7009EA63D /* ViewCodeProtocol.swift */; };
		683812EE2C481A740062067A /* SplashCoordinator.swift in Sources */ = {isa = PBXBuildFile; fileRef = 683812ED2C481A740062067A /* SplashCoordinator.swift */; };
		683812F02C481A9C0062067A /* SplashViewController.swift in Sources */ = {isa = PBXBuildFile; fileRef = 683812EF2C481A9C0062067A /* SplashViewController.swift */; };
		683812F22C481ADA0062067A /* SplashView.swift in Sources */ = {isa = PBXBuildFile; fileRef = 683812F12C481ADA0062067A /* SplashView.swift */; };
		683812F42C481C580062067A /* ShowingTabBar.swift in Sources */ = {isa = PBXBuildFile; fileRef = 683812F32C481C580062067A /* ShowingTabBar.swift */; };
		683812F62C48329D0062067A /* UserDefaults.swift in Sources */ = {isa = PBXBuildFile; fileRef = 683812F52C48329D0062067A /* UserDefaults.swift */; };
		683812FB2C483C700062067A /* Lottie in Frameworks */ = {isa = PBXBuildFile; productRef = 683812FA2C483C700062067A /* Lottie */; };
		683812FF2C483EDE0062067A /* loading.json in Resources */ = {isa = PBXBuildFile; fileRef = 683812FE2C483EDE0062067A /* loading.json */; };
		683B45392C1B6F3A00663912 /* AppDelegate.swift in Sources */ = {isa = PBXBuildFile; fileRef = 683B45382C1B6F3A00663912 /* AppDelegate.swift */; };
		683B453B2C1B6F3A00663912 /* SceneDelegate.swift in Sources */ = {isa = PBXBuildFile; fileRef = 683B453A2C1B6F3A00663912 /* SceneDelegate.swift */; };
		683B453D2C1B6F3A00663912 /* FocusSessionSettingsViewController.swift in Sources */ = {isa = PBXBuildFile; fileRef = 683B453C2C1B6F3A00663912 /* FocusSessionSettingsViewController.swift */; };
		683B45422C1B6F3B00663912 /* Assets.xcassets in Resources */ = {isa = PBXBuildFile; fileRef = 683B45412C1B6F3B00663912 /* Assets.xcassets */; };
		683B45452C1B6F3B00663912 /* Base in Resources */ = {isa = PBXBuildFile; fileRef = 683B45442C1B6F3B00663912 /* Base */; };
		684BF88B2C346F1F005E63BE /* CoreDataTestStack.swift in Sources */ = {isa = PBXBuildFile; fileRef = 684BF88A2C346F1F005E63BE /* CoreDataTestStack.swift */; };
		684BF8912C346FE3005E63BE /* SubjectManagerTest.swift in Sources */ = {isa = PBXBuildFile; fileRef = 684BF8902C346FE3005E63BE /* SubjectManagerTest.swift */; };
		684BF8932C347856005E63BE /* ScheduleManagerTest.swift in Sources */ = {isa = PBXBuildFile; fileRef = 684BF8922C347856005E63BE /* ScheduleManagerTest.swift */; };
		684BF8952C348BF2005E63BE /* FocusSessionManagerTest.swift in Sources */ = {isa = PBXBuildFile; fileRef = 684BF8942C348BF2005E63BE /* FocusSessionManagerTest.swift */; };
		684BF8972C349074005E63BE /* ThemeManagerTest.swift in Sources */ = {isa = PBXBuildFile; fileRef = 684BF8962C349074005E63BE /* ThemeManagerTest.swift */; };
		684BF8992C34961C005E63BE /* TestManagerTest.swift in Sources */ = {isa = PBXBuildFile; fileRef = 684BF8982C34961C005E63BE /* TestManagerTest.swift */; };
		684EDF972C2C871700A3F392 /* Coordinator.swift in Sources */ = {isa = PBXBuildFile; fileRef = 684EDF962C2C871700A3F392 /* Coordinator.swift */; };
		6874A2602C3F727200CAC9E4 /* ScheduleCoordinator.swift in Sources */ = {isa = PBXBuildFile; fileRef = 6874A25F2C3F727200CAC9E4 /* ScheduleCoordinator.swift */; };
		6874A2622C3F78B800CAC9E4 /* ScheduleDetailsViewController.swift in Sources */ = {isa = PBXBuildFile; fileRef = 6874A2612C3F78B800CAC9E4 /* ScheduleDetailsViewController.swift */; };
		6874A2682C3F792800CAC9E4 /* ScheduleDetailsView.swift in Sources */ = {isa = PBXBuildFile; fileRef = 6874A2672C3F792800CAC9E4 /* ScheduleDetailsView.swift */; };
		6881123E2C33388A003012D0 /* ShowingTestPage.swift in Sources */ = {isa = PBXBuildFile; fileRef = 6881123D2C33388A003012D0 /* ShowingTestPage.swift */; };
		6881FA792C456101000FECAE /* FocusSessionViewController+Delegate.swift in Sources */ = {isa = PBXBuildFile; fileRef = 6881FA782C456101000FECAE /* FocusSessionViewController+Delegate.swift */; };
		68825BC52C2F256E00272451 /* CoreDataStack.swift in Sources */ = {isa = PBXBuildFile; fileRef = 68825BC42C2F256E00272451 /* CoreDataStack.swift */; };
		68825BC72C2F281400272451 /* SubjectManager.swift in Sources */ = {isa = PBXBuildFile; fileRef = 68825BC62C2F281400272451 /* SubjectManager.swift */; };
		68825BCB2C2F2D3300272451 /* ScheduleManager.swift in Sources */ = {isa = PBXBuildFile; fileRef = 68825BCA2C2F2D3300272451 /* ScheduleManager.swift */; };
		68825BCD2C2F300000272451 /* FocusSessionManager.swift in Sources */ = {isa = PBXBuildFile; fileRef = 68825BCC2C2F300000272451 /* FocusSessionManager.swift */; };
		68825BD12C2F348300272451 /* TestManager.swift in Sources */ = {isa = PBXBuildFile; fileRef = 68825BD02C2F348300272451 /* TestManager.swift */; };
		68825BD32C2F370B00272451 /* Box.swift in Sources */ = {isa = PBXBuildFile; fileRef = 68825BD22C2F370B00272451 /* Box.swift */; };
		68825BD52C2F37F100272451 /* ThemeListCoordinator.swift in Sources */ = {isa = PBXBuildFile; fileRef = 68825BD42C2F37F100272451 /* ThemeListCoordinator.swift */; };
		68825BD72C2F469D00272451 /* ShowingThemePage.swift in Sources */ = {isa = PBXBuildFile; fileRef = 68825BD62C2F469D00272451 /* ShowingThemePage.swift */; };
		68825BD92C2F48FD00272451 /* ThemePageCoordinator.swift in Sources */ = {isa = PBXBuildFile; fileRef = 68825BD82C2F48FD00272451 /* ThemePageCoordinator.swift */; };
		68833D9A2C46B28D00BA4850 /* DefaultCell.swift in Sources */ = {isa = PBXBuildFile; fileRef = 68833D992C46B28D00BA4850 /* DefaultCell.swift */; };
		68833D9E2C46B69E00BA4850 /* ThemePageViewController+Delegate.swift in Sources */ = {isa = PBXBuildFile; fileRef = 68833D9D2C46B69E00BA4850 /* ThemePageViewController+Delegate.swift */; };
		6887D5B32C3859DF00F037F2 /* ButtonComponent.swift in Sources */ = {isa = PBXBuildFile; fileRef = 6887D5B22C3859DF00F037F2 /* ButtonComponent.swift */; };
		688C306D2C3EDB2000E11EA7 /* FocusSessionSettings+Picker.swift in Sources */ = {isa = PBXBuildFile; fileRef = 688C306C2C3EDB1F00E11EA7 /* FocusSessionSettings+Picker.swift */; };
		689A4C382C46DCA50006B095 /* FocusSettingsViewController+Delegate.swift in Sources */ = {isa = PBXBuildFile; fileRef = 689A4C372C46DCA50006B095 /* FocusSettingsViewController+Delegate.swift */; };
		68AA61A52C3C25310053AD33 /* FocusSessionSettings+CellConfig.swift in Sources */ = {isa = PBXBuildFile; fileRef = 68AA61A42C3C25310053AD33 /* FocusSessionSettings+CellConfig.swift */; };
		68AA61A72C3C25980053AD33 /* FocusSessionSettings+Toggle.swift in Sources */ = {isa = PBXBuildFile; fileRef = 68AA61A62C3C25980053AD33 /* FocusSessionSettings+Toggle.swift */; };
		68AA61A92C3C26220053AD33 /* FocusSessionSettings+Popover.swift in Sources */ = {isa = PBXBuildFile; fileRef = 68AA61A82C3C26220053AD33 /* FocusSessionSettings+Popover.swift */; };
		68BBC96D2C35E13D00D82350 /* Dismissing.swift in Sources */ = {isa = PBXBuildFile; fileRef = 68BBC96C2C35E13D00D82350 /* Dismissing.swift */; };
		68C2CFF72C470B9800E2347A /* StudyTimeViewController+Delegate.swift in Sources */ = {isa = PBXBuildFile; fileRef = 68C2CFF62C470B9800E2347A /* StudyTimeViewController+Delegate.swift */; };
		68C2CFFB2C47220000E2347A /* ScheduleView.swift in Sources */ = {isa = PBXBuildFile; fileRef = 68C2CFFA2C47220000E2347A /* ScheduleView.swift */; };
		68C2CFFD2C47232500E2347A /* ScheduleViewController.swift in Sources */ = {isa = PBXBuildFile; fileRef = 68C2CFFC2C47232500E2347A /* ScheduleViewController.swift */; };
		68C2CFFF2C47233600E2347A /* ScheduleViewController+Delegate.swift in Sources */ = {isa = PBXBuildFile; fileRef = 68C2CFFE2C47233600E2347A /* ScheduleViewController+Delegate.swift */; };
		68C2D0012C4723A100E2347A /* ScheduleTableViewCell.swift in Sources */ = {isa = PBXBuildFile; fileRef = 68C2D0002C4723A100E2347A /* ScheduleTableViewCell.swift */; };
		68C2D0032C47255700E2347A /* DayView.swift in Sources */ = {isa = PBXBuildFile; fileRef = 68C2D0022C47255700E2347A /* DayView.swift */; };
		68C2D0052C473A4800E2347A /* ScheduleDetailsViewController+Delegate.swift in Sources */ = {isa = PBXBuildFile; fileRef = 68C2D0042C473A4800E2347A /* ScheduleDetailsViewController+Delegate.swift */; };
		68C2D0072C473BF300E2347A /* TestPageViewController+Delegate.swift in Sources */ = {isa = PBXBuildFile; fileRef = 68C2D0062C473BF300E2347A /* TestPageViewController+Delegate.swift */; };
		68C2D00A2C473F8000E2347A /* ScheduleDetails+Picker.swift in Sources */ = {isa = PBXBuildFile; fileRef = 68C2D0092C473F8000E2347A /* ScheduleDetails+Picker.swift */; };
		68C2D00C2C473FC100E2347A /* ScheduleDetails+Popover.swift in Sources */ = {isa = PBXBuildFile; fileRef = 68C2D00B2C473FC100E2347A /* ScheduleDetails+Popover.swift */; };
		68C2D00E2C47400A00E2347A /* ScheduleDetails+CellConfig.swift in Sources */ = {isa = PBXBuildFile; fileRef = 68C2D00D2C47400A00E2347A /* ScheduleDetails+CellConfig.swift */; };
		68C8D9AB2C4987FF0092E80D /* Localizable.strings in Resources */ = {isa = PBXBuildFile; fileRef = 68C8D9A92C4987FF0092E80D /* Localizable.strings */; };
		68D47D532C2DDCD1000E011C /* Subject+Extension.swift in Sources */ = {isa = PBXBuildFile; fileRef = 684EDF9A2C2C8C6C00A3F392 /* Subject+Extension.swift */; };
		68D47D542C2DDCD3000E011C /* Theme+Extension.swift in Sources */ = {isa = PBXBuildFile; fileRef = 684EDF9C2C2C8DB500A3F392 /* Theme+Extension.swift */; };
		68D47D552C2DDCD5000E011C /* Schedule+Extension.swift in Sources */ = {isa = PBXBuildFile; fileRef = 684EDF9E2C2C8EC000A3F392 /* Schedule+Extension.swift */; };
		68D47D562C2DDCD7000E011C /* FocusSession+Extension.swift in Sources */ = {isa = PBXBuildFile; fileRef = 684EDFA02C2C947300A3F392 /* FocusSession+Extension.swift */; };
		68D47D572C2DDCD9000E011C /* Test+Extension.swift in Sources */ = {isa = PBXBuildFile; fileRef = 684EDFA22C2CA0CA00A3F392 /* Test+Extension.swift */; };
		68DE198A2C3DBAD800872751 /* Popover.swift in Sources */ = {isa = PBXBuildFile; fileRef = 68DE19892C3DBAD800872751 /* Popover.swift */; };
		CE128FBB2C2C886B003C0D4A /* FocusSessionViewModel.swift in Sources */ = {isa = PBXBuildFile; fileRef = CE128FBA2C2C886B003C0D4A /* FocusSessionViewModel.swift */; };
		CE3010052C3329F1007BCA07 /* FocusSessionView.swift in Sources */ = {isa = PBXBuildFile; fileRef = CE3010042C3329F1007BCA07 /* FocusSessionView.swift */; };
		CE3010072C332A33007BCA07 /* FocusSessionViewController.swift in Sources */ = {isa = PBXBuildFile; fileRef = CE3010062C332A33007BCA07 /* FocusSessionViewController.swift */; };
		CE42E2F22C2F429C00A29B2D /* FocusSessionSettingsView.swift in Sources */ = {isa = PBXBuildFile; fileRef = CE42E2F12C2F429C00A29B2D /* FocusSessionSettingsView.swift */; };
/* End PBXBuildFile section */

/* Begin PBXContainerItemProxy section */
		684BF8852C346E9A005E63BE /* PBXContainerItemProxy */ = {
			isa = PBXContainerItemProxy;
			containerPortal = 683B452D2C1B6F3A00663912 /* Project object */;
			proxyType = 1;
			remoteGlobalIDString = 683B45342C1B6F3A00663912;
			remoteInfo = Education;
		};
/* End PBXContainerItemProxy section */

/* Begin PBXCopyFilesBuildPhase section */
		CE3B7D472C45922A00EE5070 /* Embed Foundation Extensions */ = {
			isa = PBXCopyFilesBuildPhase;
			buildActionMask = 2147483647;
			dstPath = "";
			dstSubfolderSpec = 13;
			files = (
			);
			name = "Embed Foundation Extensions";
			runOnlyForDeploymentPostprocessing = 0;
		};
/* End PBXCopyFilesBuildPhase section */

/* Begin PBXFileReference section */
		302E069C2C3F14AB00FAD574 /* ScheduleViewModel.swift */ = {isa = PBXFileReference; lastKnownFileType = sourcecode.swift; path = ScheduleViewModel.swift; sourceTree = "<group>"; };
		302E06A82C45884C00FAD574 /* StudyTimeChartView.swift */ = {isa = PBXFileReference; lastKnownFileType = sourcecode.swift; path = StudyTimeChartView.swift; sourceTree = "<group>"; };
		30F216A32C2C885A00B7114F /* ThemeListViewController.swift */ = {isa = PBXFileReference; lastKnownFileType = sourcecode.swift; path = ThemeListViewController.swift; sourceTree = "<group>"; };
		30F216A72C2C887A00B7114F /* ThemeListViewModel.swift */ = {isa = PBXFileReference; lastKnownFileType = sourcecode.swift; path = ThemeListViewModel.swift; sourceTree = "<group>"; };
		30F216B82C2DEF3B00B7114F /* ThemePageViewController.swift */ = {isa = PBXFileReference; lastKnownFileType = sourcecode.swift; path = ThemePageViewController.swift; sourceTree = "<group>"; };
		30F216BA2C2DEF4800B7114F /* ThemePageView.swift */ = {isa = PBXFileReference; lastKnownFileType = sourcecode.swift; path = ThemePageView.swift; sourceTree = "<group>"; };
		30F216BC2C2DEF7400B7114F /* ThemePageViewModel.swift */ = {isa = PBXFileReference; lastKnownFileType = sourcecode.swift; path = ThemePageViewModel.swift; sourceTree = "<group>"; };
		30F216BF2C2F26FE00B7114F /* ChartView.swift */ = {isa = PBXFileReference; lastKnownFileType = sourcecode.swift; path = ChartView.swift; sourceTree = "<group>"; };
		310B8A182C2F2694005339E8 /* TestPageViewController.swift */ = {isa = PBXFileReference; lastKnownFileType = sourcecode.swift; path = TestPageViewController.swift; sourceTree = "<group>"; };
		310B8A1A2C2F26BE005339E8 /* TestPageView.swift */ = {isa = PBXFileReference; lastKnownFileType = sourcecode.swift; path = TestPageView.swift; sourceTree = "<group>"; };
		310B8A1E2C2F4ED5005339E8 /* TestTableViewCell.swift */ = {isa = PBXFileReference; lastKnownFileType = sourcecode.swift; path = TestTableViewCell.swift; sourceTree = "<group>"; };
		317C11252C35BBBD00C5E7A5 /* TabBarController.swift */ = {isa = PBXFileReference; lastKnownFileType = sourcecode.swift; path = TabBarController.swift; sourceTree = "<group>"; };
		317C11272C35BF8200C5E7A5 /* FocusSessionSettingsCoordinator.swift */ = {isa = PBXFileReference; lastKnownFileType = sourcecode.swift; path = FocusSessionSettingsCoordinator.swift; sourceTree = "<group>"; };
		317C11292C35C4A100C5E7A5 /* FocusSessionCoordinator.swift */ = {isa = PBXFileReference; lastKnownFileType = sourcecode.swift; path = FocusSessionCoordinator.swift; sourceTree = "<group>"; };
		317C112B2C35C4F100C5E7A5 /* ShowingTimer.swift */ = {isa = PBXFileReference; lastKnownFileType = sourcecode.swift; path = ShowingTimer.swift; sourceTree = "<group>"; };
		317C112D2C35C70700C5E7A5 /* FocusSessionSettingsViewModel.swift */ = {isa = PBXFileReference; lastKnownFileType = sourcecode.swift; path = FocusSessionSettingsViewModel.swift; sourceTree = "<group>"; };
		317C11302C3EF74C00C5E7A5 /* StudyTimeViewController.swift */ = {isa = PBXFileReference; lastKnownFileType = sourcecode.swift; path = StudyTimeViewController.swift; sourceTree = "<group>"; };
		317C11322C3EF78200C5E7A5 /* StudyTimeViewModel.swift */ = {isa = PBXFileReference; lastKnownFileType = sourcecode.swift; path = StudyTimeViewModel.swift; sourceTree = "<group>"; };
		317C11342C3EF7C700C5E7A5 /* StudyTimeView.swift */ = {isa = PBXFileReference; lastKnownFileType = sourcecode.swift; path = StudyTimeView.swift; sourceTree = "<group>"; };
		317C11362C3EF8A300C5E7A5 /* StudyTimeCoordinator.swift */ = {isa = PBXFileReference; lastKnownFileType = sourcecode.swift; path = StudyTimeCoordinator.swift; sourceTree = "<group>"; };
		317C11382C3F018B00C5E7A5 /* SubjectTimeTableViewCell.swift */ = {isa = PBXFileReference; lastKnownFileType = sourcecode.swift; path = SubjectTimeTableViewCell.swift; sourceTree = "<group>"; };
		31AA70A12C2C8632002367CA /* DataBase.xcdatamodel */ = {isa = PBXFileReference; lastKnownFileType = wrapper.xcdatamodel; path = DataBase.xcdatamodel; sourceTree = "<group>"; };
		68333DD12C3F81590064BF87 /* ScheduleDetailsViewModel.swift */ = {isa = PBXFileReference; lastKnownFileType = sourcecode.swift; path = ScheduleDetailsViewModel.swift; sourceTree = "<group>"; };
		68333DD72C3F95AD0064BF87 /* ShowingScheduleDetails.swift */ = {isa = PBXFileReference; lastKnownFileType = sourcecode.swift; path = ShowingScheduleDetails.swift; sourceTree = "<group>"; };
		6833B2142C345467009EA63D /* ObjectManager.swift */ = {isa = PBXFileReference; lastKnownFileType = sourcecode.swift; path = ObjectManager.swift; sourceTree = "<group>"; };
		6833B21B2C3456D7009EA63D /* ViewCodeProtocol.swift */ = {isa = PBXFileReference; lastKnownFileType = sourcecode.swift; path = ViewCodeProtocol.swift; sourceTree = "<group>"; };
		683812ED2C481A740062067A /* SplashCoordinator.swift */ = {isa = PBXFileReference; lastKnownFileType = sourcecode.swift; path = SplashCoordinator.swift; sourceTree = "<group>"; };
		683812EF2C481A9C0062067A /* SplashViewController.swift */ = {isa = PBXFileReference; lastKnownFileType = sourcecode.swift; path = SplashViewController.swift; sourceTree = "<group>"; };
		683812F12C481ADA0062067A /* SplashView.swift */ = {isa = PBXFileReference; lastKnownFileType = sourcecode.swift; path = SplashView.swift; sourceTree = "<group>"; };
		683812F32C481C580062067A /* ShowingTabBar.swift */ = {isa = PBXFileReference; lastKnownFileType = sourcecode.swift; path = ShowingTabBar.swift; sourceTree = "<group>"; };
		683812F52C48329D0062067A /* UserDefaults.swift */ = {isa = PBXFileReference; lastKnownFileType = sourcecode.swift; path = UserDefaults.swift; sourceTree = "<group>"; };
		683812FE2C483EDE0062067A /* loading.json */ = {isa = PBXFileReference; fileEncoding = 4; lastKnownFileType = text.json; path = loading.json; sourceTree = "<group>"; };
		683B45352C1B6F3A00663912 /* Education.app */ = {isa = PBXFileReference; explicitFileType = wrapper.application; includeInIndex = 0; path = Education.app; sourceTree = BUILT_PRODUCTS_DIR; };
		683B45382C1B6F3A00663912 /* AppDelegate.swift */ = {isa = PBXFileReference; lastKnownFileType = sourcecode.swift; path = AppDelegate.swift; sourceTree = "<group>"; };
		683B453A2C1B6F3A00663912 /* SceneDelegate.swift */ = {isa = PBXFileReference; lastKnownFileType = sourcecode.swift; path = SceneDelegate.swift; sourceTree = "<group>"; };
		683B453C2C1B6F3A00663912 /* FocusSessionSettingsViewController.swift */ = {isa = PBXFileReference; lastKnownFileType = sourcecode.swift; path = FocusSessionSettingsViewController.swift; sourceTree = "<group>"; };
		683B45412C1B6F3B00663912 /* Assets.xcassets */ = {isa = PBXFileReference; lastKnownFileType = folder.assetcatalog; path = Assets.xcassets; sourceTree = "<group>"; };
		683B45442C1B6F3B00663912 /* Base */ = {isa = PBXFileReference; lastKnownFileType = file.storyboard; name = Base; path = Base.lproj/LaunchScreen.storyboard; sourceTree = "<group>"; };
		683B45462C1B6F3B00663912 /* Info.plist */ = {isa = PBXFileReference; lastKnownFileType = text.plist.xml; path = Info.plist; sourceTree = "<group>"; };
		684BF8812C346E9A005E63BE /* EducationTests.xctest */ = {isa = PBXFileReference; explicitFileType = wrapper.cfbundle; includeInIndex = 0; path = EducationTests.xctest; sourceTree = BUILT_PRODUCTS_DIR; };
		684BF88A2C346F1F005E63BE /* CoreDataTestStack.swift */ = {isa = PBXFileReference; lastKnownFileType = sourcecode.swift; path = CoreDataTestStack.swift; sourceTree = "<group>"; };
		684BF8902C346FE3005E63BE /* SubjectManagerTest.swift */ = {isa = PBXFileReference; lastKnownFileType = sourcecode.swift; path = SubjectManagerTest.swift; sourceTree = "<group>"; };
		684BF8922C347856005E63BE /* ScheduleManagerTest.swift */ = {isa = PBXFileReference; lastKnownFileType = sourcecode.swift; path = ScheduleManagerTest.swift; sourceTree = "<group>"; };
		684BF8942C348BF2005E63BE /* FocusSessionManagerTest.swift */ = {isa = PBXFileReference; lastKnownFileType = sourcecode.swift; path = FocusSessionManagerTest.swift; sourceTree = "<group>"; };
		684BF8962C349074005E63BE /* ThemeManagerTest.swift */ = {isa = PBXFileReference; lastKnownFileType = sourcecode.swift; path = ThemeManagerTest.swift; sourceTree = "<group>"; };
		684BF8982C34961C005E63BE /* TestManagerTest.swift */ = {isa = PBXFileReference; lastKnownFileType = sourcecode.swift; path = TestManagerTest.swift; sourceTree = "<group>"; };
		684EDF962C2C871700A3F392 /* Coordinator.swift */ = {isa = PBXFileReference; lastKnownFileType = sourcecode.swift; path = Coordinator.swift; sourceTree = "<group>"; };
		684EDF9A2C2C8C6C00A3F392 /* Subject+Extension.swift */ = {isa = PBXFileReference; lastKnownFileType = sourcecode.swift; path = "Subject+Extension.swift"; sourceTree = "<group>"; };
		684EDF9C2C2C8DB500A3F392 /* Theme+Extension.swift */ = {isa = PBXFileReference; lastKnownFileType = sourcecode.swift; path = "Theme+Extension.swift"; sourceTree = "<group>"; };
		684EDF9E2C2C8EC000A3F392 /* Schedule+Extension.swift */ = {isa = PBXFileReference; lastKnownFileType = sourcecode.swift; path = "Schedule+Extension.swift"; sourceTree = "<group>"; };
		684EDFA02C2C947300A3F392 /* FocusSession+Extension.swift */ = {isa = PBXFileReference; lastKnownFileType = sourcecode.swift; path = "FocusSession+Extension.swift"; sourceTree = "<group>"; };
		684EDFA22C2CA0CA00A3F392 /* Test+Extension.swift */ = {isa = PBXFileReference; lastKnownFileType = sourcecode.swift; path = "Test+Extension.swift"; sourceTree = "<group>"; };
		6874A25F2C3F727200CAC9E4 /* ScheduleCoordinator.swift */ = {isa = PBXFileReference; lastKnownFileType = sourcecode.swift; path = ScheduleCoordinator.swift; sourceTree = "<group>"; };
		6874A2612C3F78B800CAC9E4 /* ScheduleDetailsViewController.swift */ = {isa = PBXFileReference; lastKnownFileType = sourcecode.swift; path = ScheduleDetailsViewController.swift; sourceTree = "<group>"; };
		6874A2672C3F792800CAC9E4 /* ScheduleDetailsView.swift */ = {isa = PBXFileReference; lastKnownFileType = sourcecode.swift; path = ScheduleDetailsView.swift; sourceTree = "<group>"; };
		6881123D2C33388A003012D0 /* ShowingTestPage.swift */ = {isa = PBXFileReference; lastKnownFileType = sourcecode.swift; path = ShowingTestPage.swift; sourceTree = "<group>"; };
		6881FA782C456101000FECAE /* FocusSessionViewController+Delegate.swift */ = {isa = PBXFileReference; lastKnownFileType = sourcecode.swift; path = "FocusSessionViewController+Delegate.swift"; sourceTree = "<group>"; };
		68825BC42C2F256E00272451 /* CoreDataStack.swift */ = {isa = PBXFileReference; lastKnownFileType = sourcecode.swift; path = CoreDataStack.swift; sourceTree = "<group>"; };
		68825BC62C2F281400272451 /* SubjectManager.swift */ = {isa = PBXFileReference; lastKnownFileType = sourcecode.swift; path = SubjectManager.swift; sourceTree = "<group>"; };
		68825BCA2C2F2D3300272451 /* ScheduleManager.swift */ = {isa = PBXFileReference; lastKnownFileType = sourcecode.swift; path = ScheduleManager.swift; sourceTree = "<group>"; };
		68825BCC2C2F300000272451 /* FocusSessionManager.swift */ = {isa = PBXFileReference; lastKnownFileType = sourcecode.swift; path = FocusSessionManager.swift; sourceTree = "<group>"; };
		68825BCE2C2F342100272451 /* ThemeManager.swift */ = {isa = PBXFileReference; lastKnownFileType = sourcecode.swift; path = ThemeManager.swift; sourceTree = "<group>"; };
		68825BD02C2F348300272451 /* TestManager.swift */ = {isa = PBXFileReference; lastKnownFileType = sourcecode.swift; path = TestManager.swift; sourceTree = "<group>"; };
		68825BD22C2F370B00272451 /* Box.swift */ = {isa = PBXFileReference; lastKnownFileType = sourcecode.swift; path = Box.swift; sourceTree = "<group>"; };
		68825BD42C2F37F100272451 /* ThemeListCoordinator.swift */ = {isa = PBXFileReference; lastKnownFileType = sourcecode.swift; path = ThemeListCoordinator.swift; sourceTree = "<group>"; };
		68825BD62C2F469D00272451 /* ShowingThemePage.swift */ = {isa = PBXFileReference; lastKnownFileType = sourcecode.swift; path = ShowingThemePage.swift; sourceTree = "<group>"; };
		68825BD82C2F48FD00272451 /* ThemePageCoordinator.swift */ = {isa = PBXFileReference; lastKnownFileType = sourcecode.swift; path = ThemePageCoordinator.swift; sourceTree = "<group>"; };
		68833D992C46B28D00BA4850 /* DefaultCell.swift */ = {isa = PBXFileReference; lastKnownFileType = sourcecode.swift; path = DefaultCell.swift; sourceTree = "<group>"; };
		68833D9D2C46B69E00BA4850 /* ThemePageViewController+Delegate.swift */ = {isa = PBXFileReference; lastKnownFileType = sourcecode.swift; path = "ThemePageViewController+Delegate.swift"; sourceTree = "<group>"; };
		6887D5B22C3859DF00F037F2 /* ButtonComponent.swift */ = {isa = PBXFileReference; lastKnownFileType = sourcecode.swift; path = ButtonComponent.swift; sourceTree = "<group>"; };
		688C306C2C3EDB1F00E11EA7 /* FocusSessionSettings+Picker.swift */ = {isa = PBXFileReference; lastKnownFileType = sourcecode.swift; path = "FocusSessionSettings+Picker.swift"; sourceTree = "<group>"; };
		689A4C372C46DCA50006B095 /* FocusSettingsViewController+Delegate.swift */ = {isa = PBXFileReference; lastKnownFileType = sourcecode.swift; path = "FocusSettingsViewController+Delegate.swift"; sourceTree = "<group>"; };
		68AA61A42C3C25310053AD33 /* FocusSessionSettings+CellConfig.swift */ = {isa = PBXFileReference; lastKnownFileType = sourcecode.swift; path = "FocusSessionSettings+CellConfig.swift"; sourceTree = "<group>"; };
		68AA61A62C3C25980053AD33 /* FocusSessionSettings+Toggle.swift */ = {isa = PBXFileReference; lastKnownFileType = sourcecode.swift; path = "FocusSessionSettings+Toggle.swift"; sourceTree = "<group>"; };
		68AA61A82C3C26220053AD33 /* FocusSessionSettings+Popover.swift */ = {isa = PBXFileReference; lastKnownFileType = sourcecode.swift; path = "FocusSessionSettings+Popover.swift"; sourceTree = "<group>"; };
		68BBC96C2C35E13D00D82350 /* Dismissing.swift */ = {isa = PBXFileReference; lastKnownFileType = sourcecode.swift; path = Dismissing.swift; sourceTree = "<group>"; };
		68C2CFF62C470B9800E2347A /* StudyTimeViewController+Delegate.swift */ = {isa = PBXFileReference; lastKnownFileType = sourcecode.swift; path = "StudyTimeViewController+Delegate.swift"; sourceTree = "<group>"; };
		68C2CFFA2C47220000E2347A /* ScheduleView.swift */ = {isa = PBXFileReference; lastKnownFileType = sourcecode.swift; path = ScheduleView.swift; sourceTree = "<group>"; };
		68C2CFFC2C47232500E2347A /* ScheduleViewController.swift */ = {isa = PBXFileReference; lastKnownFileType = sourcecode.swift; path = ScheduleViewController.swift; sourceTree = "<group>"; };
		68C2CFFE2C47233600E2347A /* ScheduleViewController+Delegate.swift */ = {isa = PBXFileReference; lastKnownFileType = sourcecode.swift; path = "ScheduleViewController+Delegate.swift"; sourceTree = "<group>"; };
		68C2D0002C4723A100E2347A /* ScheduleTableViewCell.swift */ = {isa = PBXFileReference; lastKnownFileType = sourcecode.swift; path = ScheduleTableViewCell.swift; sourceTree = "<group>"; };
		68C2D0022C47255700E2347A /* DayView.swift */ = {isa = PBXFileReference; lastKnownFileType = sourcecode.swift; path = DayView.swift; sourceTree = "<group>"; };
		68C2D0042C473A4800E2347A /* ScheduleDetailsViewController+Delegate.swift */ = {isa = PBXFileReference; lastKnownFileType = sourcecode.swift; path = "ScheduleDetailsViewController+Delegate.swift"; sourceTree = "<group>"; };
		68C2D0062C473BF300E2347A /* TestPageViewController+Delegate.swift */ = {isa = PBXFileReference; lastKnownFileType = sourcecode.swift; path = "TestPageViewController+Delegate.swift"; sourceTree = "<group>"; };
		68C2D0092C473F8000E2347A /* ScheduleDetails+Picker.swift */ = {isa = PBXFileReference; lastKnownFileType = sourcecode.swift; path = "ScheduleDetails+Picker.swift"; sourceTree = "<group>"; };
		68C2D00B2C473FC100E2347A /* ScheduleDetails+Popover.swift */ = {isa = PBXFileReference; lastKnownFileType = sourcecode.swift; path = "ScheduleDetails+Popover.swift"; sourceTree = "<group>"; };
		68C2D00D2C47400A00E2347A /* ScheduleDetails+CellConfig.swift */ = {isa = PBXFileReference; lastKnownFileType = sourcecode.swift; path = "ScheduleDetails+CellConfig.swift"; sourceTree = "<group>"; };
		68C8D9AA2C4987FF0092E80D /* en */ = {isa = PBXFileReference; lastKnownFileType = text.plist.strings; name = en; path = en.lproj/Localizable.strings; sourceTree = "<group>"; };
		68C8D9AC2C4988090092E80D /* pt-BR */ = {isa = PBXFileReference; lastKnownFileType = text.plist.strings; name = "pt-BR"; path = "pt-BR.lproj/Localizable.strings"; sourceTree = "<group>"; };
		68D47D582C2DE227000E011C /* Education.entitlements */ = {isa = PBXFileReference; lastKnownFileType = text.plist.entitlements; path = Education.entitlements; sourceTree = "<group>"; };
		68DE19892C3DBAD800872751 /* Popover.swift */ = {isa = PBXFileReference; lastKnownFileType = sourcecode.swift; path = Popover.swift; sourceTree = "<group>"; };
		CE128FBA2C2C886B003C0D4A /* FocusSessionViewModel.swift */ = {isa = PBXFileReference; lastKnownFileType = sourcecode.swift; path = FocusSessionViewModel.swift; sourceTree = "<group>"; };
		CE3010042C3329F1007BCA07 /* FocusSessionView.swift */ = {isa = PBXFileReference; lastKnownFileType = sourcecode.swift; path = FocusSessionView.swift; sourceTree = "<group>"; };
		CE3010062C332A33007BCA07 /* FocusSessionViewController.swift */ = {isa = PBXFileReference; lastKnownFileType = sourcecode.swift; path = FocusSessionViewController.swift; sourceTree = "<group>"; };
		CE42E2F12C2F429C00A29B2D /* FocusSessionSettingsView.swift */ = {isa = PBXFileReference; fileEncoding = 4; lastKnownFileType = sourcecode.swift; path = FocusSessionSettingsView.swift; sourceTree = "<group>"; };
/* End PBXFileReference section */

/* Begin PBXFrameworksBuildPhase section */
		683B45322C1B6F3A00663912 /* Frameworks */ = {
			isa = PBXFrameworksBuildPhase;
			buildActionMask = 2147483647;
			files = (
				683812FB2C483C700062067A /* Lottie in Frameworks */,
			);
			runOnlyForDeploymentPostprocessing = 0;
		};
		684BF87E2C346E9A005E63BE /* Frameworks */ = {
			isa = PBXFrameworksBuildPhase;
			buildActionMask = 2147483647;
			files = (
			);
			runOnlyForDeploymentPostprocessing = 0;
		};
/* End PBXFrameworksBuildPhase section */

/* Begin PBXGroup section */
		302E06972C3F142600FAD574 /* ScheduleView */ = {
			isa = PBXGroup;
			children = (
				6874A2632C3F78BD00CAC9E4 /* ScheduleList */,
				6874A2642C3F78D400CAC9E4 /* ScheduleDetails */,
			);
			path = ScheduleView;
			sourceTree = "<group>";
		};
		302E06A72C45882D00FAD574 /* StudyTimeChart */ = {
			isa = PBXGroup;
			children = (
				302E06A82C45884C00FAD574 /* StudyTimeChartView.swift */,
			);
			path = StudyTimeChart;
			sourceTree = "<group>";
		};
		30F216A12C2C883900B7114F /* Themes */ = {
			isa = PBXGroup;
			children = (
				30F216A22C2C884400B7114F /* ThemeList */,
				30F216B72C2DEF2200B7114F /* ThemePage */,
			);
			path = Themes;
			sourceTree = "<group>";
		};
		30F216A22C2C884400B7114F /* ThemeList */ = {
			isa = PBXGroup;
			children = (
				68825BD42C2F37F100272451 /* ThemeListCoordinator.swift */,
				30F216A72C2C887A00B7114F /* ThemeListViewModel.swift */,
				30F216A32C2C885A00B7114F /* ThemeListViewController.swift */,
			);
			path = ThemeList;
			sourceTree = "<group>";
		};
		30F216B72C2DEF2200B7114F /* ThemePage */ = {
			isa = PBXGroup;
			children = (
				68825BD82C2F48FD00272451 /* ThemePageCoordinator.swift */,
				30F216BC2C2DEF7400B7114F /* ThemePageViewModel.swift */,
				30F216B82C2DEF3B00B7114F /* ThemePageViewController.swift */,
				68833D9D2C46B69E00BA4850 /* ThemePageViewController+Delegate.swift */,
				30F216BA2C2DEF4800B7114F /* ThemePageView.swift */,
				310B8A1E2C2F4ED5005339E8 /* TestTableViewCell.swift */,
				30F216BE2C2F26EA00B7114F /* Chart */,
			);
			path = ThemePage;
			sourceTree = "<group>";
		};
		30F216BE2C2F26EA00B7114F /* Chart */ = {
			isa = PBXGroup;
			children = (
				30F216BF2C2F26FE00B7114F /* ChartView.swift */,
			);
			path = Chart;
			sourceTree = "<group>";
		};
		310B8A172C2F2637005339E8 /* TestPage */ = {
			isa = PBXGroup;
			children = (
				310B8A182C2F2694005339E8 /* TestPageViewController.swift */,
				68C2D0062C473BF300E2347A /* TestPageViewController+Delegate.swift */,
				310B8A1A2C2F26BE005339E8 /* TestPageView.swift */,
			);
			path = TestPage;
			sourceTree = "<group>";
		};
		317C112F2C3EF70500C5E7A5 /* StudyTime */ = {
			isa = PBXGroup;
			children = (
				317C11362C3EF8A300C5E7A5 /* StudyTimeCoordinator.swift */,
				317C11322C3EF78200C5E7A5 /* StudyTimeViewModel.swift */,
				317C11302C3EF74C00C5E7A5 /* StudyTimeViewController.swift */,
				68C2CFF62C470B9800E2347A /* StudyTimeViewController+Delegate.swift */,
				317C11342C3EF7C700C5E7A5 /* StudyTimeView.swift */,
				317C11382C3F018B00C5E7A5 /* SubjectTimeTableViewCell.swift */,
				302E06A72C45882D00FAD574 /* StudyTimeChart */,
			);
			path = StudyTime;
			sourceTree = "<group>";
		};
		6833B2162C345670009EA63D /* App */ = {
			isa = PBXGroup;
			children = (
				683B45382C1B6F3A00663912 /* AppDelegate.swift */,
				683B453A2C1B6F3A00663912 /* SceneDelegate.swift */,
				317C11252C35BBBD00C5E7A5 /* TabBarController.swift */,
			);
			path = App;
			sourceTree = "<group>";
		};
		6833B2172C34567E009EA63D /* Tests */ = {
			isa = PBXGroup;
			children = (
				310B8A172C2F2637005339E8 /* TestPage */,
			);
			path = Tests;
			sourceTree = "<group>";
		};
		6833B2182C34569D009EA63D /* Managers */ = {
			isa = PBXGroup;
			children = (
				6833B2142C345467009EA63D /* ObjectManager.swift */,
				68825BC62C2F281400272451 /* SubjectManager.swift */,
				68825BCA2C2F2D3300272451 /* ScheduleManager.swift */,
				68825BCC2C2F300000272451 /* FocusSessionManager.swift */,
				68825BCE2C2F342100272451 /* ThemeManager.swift */,
				68825BD02C2F348300272451 /* TestManager.swift */,
			);
			path = Managers;
			sourceTree = "<group>";
		};
		6833B2192C3456B9009EA63D /* Coordinator */ = {
			isa = PBXGroup;
			children = (
				684EDF962C2C871700A3F392 /* Coordinator.swift */,
				683812F32C481C580062067A /* ShowingTabBar.swift */,
				68825BD62C2F469D00272451 /* ShowingThemePage.swift */,
				6881123D2C33388A003012D0 /* ShowingTestPage.swift */,
				317C112B2C35C4F100C5E7A5 /* ShowingTimer.swift */,
				68BBC96C2C35E13D00D82350 /* Dismissing.swift */,
				68333DD72C3F95AD0064BF87 /* ShowingScheduleDetails.swift */,
			);
			path = Coordinator;
			sourceTree = "<group>";
		};
		6833B21A2C3456C9009EA63D /* Utils */ = {
			isa = PBXGroup;
			children = (
				6833B21B2C3456D7009EA63D /* ViewCodeProtocol.swift */,
				68825BD22C2F370B00272451 /* Box.swift */,
				68833D992C46B28D00BA4850 /* DefaultCell.swift */,
				683812F52C48329D0062067A /* UserDefaults.swift */,
			);
			path = Utils;
			sourceTree = "<group>";
		};
		6833B21D2C345700009EA63D /* FocusSession */ = {
			isa = PBXGroup;
			children = (
				6887D5B52C38699A00F037F2 /* Settings */,
				6887D5B62C3869A700F037F2 /* Session */,
			);
			path = FocusSession;
			sourceTree = "<group>";
		};
		683812EC2C481A610062067A /* Splash */ = {
			isa = PBXGroup;
			children = (
				683812ED2C481A740062067A /* SplashCoordinator.swift */,
				683812EF2C481A9C0062067A /* SplashViewController.swift */,
				683812F12C481ADA0062067A /* SplashView.swift */,
			);
			path = Splash;
			sourceTree = "<group>";
		};
		683B452C2C1B6F3A00663912 = {
			isa = PBXGroup;
			children = (
				68C8D9A92C4987FF0092E80D /* Localizable.strings */,
				683B45372C1B6F3A00663912 /* Education */,
				684BF8822C346E9A005E63BE /* EducationTests */,
				683B45362C1B6F3A00663912 /* Products */,
			);
			sourceTree = "<group>";
		};
		683B45362C1B6F3A00663912 /* Products */ = {
			isa = PBXGroup;
			children = (
				683B45352C1B6F3A00663912 /* Education.app */,
				684BF8812C346E9A005E63BE /* EducationTests.xctest */,
			);
			name = Products;
			sourceTree = "<group>";
		};
		683B45372C1B6F3A00663912 /* Education */ = {
			isa = PBXGroup;
			children = (
				68D47D582C2DE227000E011C /* Education.entitlements */,
				6833B2162C345670009EA63D /* App */,
				6833B21A2C3456C9009EA63D /* Utils */,
				684EDFA62C2CAA7B00A3F392 /* CoreData */,
				6833B2192C3456B9009EA63D /* Coordinator */,
				683812EC2C481A610062067A /* Splash */,
				30F216A12C2C883900B7114F /* Themes */,
				6833B2172C34567E009EA63D /* Tests */,
				6833B21D2C345700009EA63D /* FocusSession */,
				317C112F2C3EF70500C5E7A5 /* StudyTime */,
				302E06972C3F142600FAD574 /* ScheduleView */,
				6887D5B42C38697400F037F2 /* Components */,
				683B45412C1B6F3B00663912 /* Assets.xcassets */,
				683B45432C1B6F3B00663912 /* LaunchScreen.storyboard */,
				683B45462C1B6F3B00663912 /* Info.plist */,
			);
			path = Education;
			sourceTree = "<group>";
		};
		684BF8822C346E9A005E63BE /* EducationTests */ = {
			isa = PBXGroup;
			children = (
				684BF88C2C346F51005E63BE /* CoreData */,
			);
			path = EducationTests;
			sourceTree = "<group>";
		};
		684BF88C2C346F51005E63BE /* CoreData */ = {
			isa = PBXGroup;
			children = (
				684BF88D2C346F61005E63BE /* Managers */,
				684BF88A2C346F1F005E63BE /* CoreDataTestStack.swift */,
			);
			path = CoreData;
			sourceTree = "<group>";
		};
		684BF88D2C346F61005E63BE /* Managers */ = {
			isa = PBXGroup;
			children = (
				684BF8902C346FE3005E63BE /* SubjectManagerTest.swift */,
				684BF8922C347856005E63BE /* ScheduleManagerTest.swift */,
				684BF8942C348BF2005E63BE /* FocusSessionManagerTest.swift */,
				684BF8962C349074005E63BE /* ThemeManagerTest.swift */,
				684BF8982C34961C005E63BE /* TestManagerTest.swift */,
			);
			path = Managers;
			sourceTree = "<group>";
		};
		684EDFA62C2CAA7B00A3F392 /* CoreData */ = {
			isa = PBXGroup;
			children = (
				31AA70A02C2C8632002367CA /* DataBase.xcdatamodeld */,
				68825BC42C2F256E00272451 /* CoreDataStack.swift */,
				6833B2182C34569D009EA63D /* Managers */,
				684EDFA72C2CAA8300A3F392 /* Extensions */,
			);
			path = CoreData;
			sourceTree = "<group>";
		};
		684EDFA72C2CAA8300A3F392 /* Extensions */ = {
			isa = PBXGroup;
			children = (
				684EDF9A2C2C8C6C00A3F392 /* Subject+Extension.swift */,
				684EDF9C2C2C8DB500A3F392 /* Theme+Extension.swift */,
				684EDF9E2C2C8EC000A3F392 /* Schedule+Extension.swift */,
				684EDFA02C2C947300A3F392 /* FocusSession+Extension.swift */,
				684EDFA22C2CA0CA00A3F392 /* Test+Extension.swift */,
			);
			path = Extensions;
			sourceTree = "<group>";
		};
		6874A2632C3F78BD00CAC9E4 /* ScheduleList */ = {
			isa = PBXGroup;
			children = (
				6874A25F2C3F727200CAC9E4 /* ScheduleCoordinator.swift */,
				302E069C2C3F14AB00FAD574 /* ScheduleViewModel.swift */,
				68C2CFFC2C47232500E2347A /* ScheduleViewController.swift */,
				68C2CFFE2C47233600E2347A /* ScheduleViewController+Delegate.swift */,
				68C2CFFA2C47220000E2347A /* ScheduleView.swift */,
				68C2D0002C4723A100E2347A /* ScheduleTableViewCell.swift */,
				68C2D0022C47255700E2347A /* DayView.swift */,
			);
			path = ScheduleList;
			sourceTree = "<group>";
		};
		6874A2642C3F78D400CAC9E4 /* ScheduleDetails */ = {
			isa = PBXGroup;
			children = (
				68333DD12C3F81590064BF87 /* ScheduleDetailsViewModel.swift */,
				6874A2612C3F78B800CAC9E4 /* ScheduleDetailsViewController.swift */,
				68C2D0042C473A4800E2347A /* ScheduleDetailsViewController+Delegate.swift */,
				6874A2672C3F792800CAC9E4 /* ScheduleDetailsView.swift */,
				68C2D0082C473F5800E2347A /* Extensions */,
			);
			path = ScheduleDetails;
			sourceTree = "<group>";
		};
		6887D5B42C38697400F037F2 /* Components */ = {
			isa = PBXGroup;
			children = (
				683812FE2C483EDE0062067A /* loading.json */,
				6887D5B22C3859DF00F037F2 /* ButtonComponent.swift */,
				68DE19892C3DBAD800872751 /* Popover.swift */,
			);
			path = Components;
			sourceTree = "<group>";
		};
		6887D5B52C38699A00F037F2 /* Settings */ = {
			isa = PBXGroup;
			children = (
				317C11272C35BF8200C5E7A5 /* FocusSessionSettingsCoordinator.swift */,
				317C112D2C35C70700C5E7A5 /* FocusSessionSettingsViewModel.swift */,
				683B453C2C1B6F3A00663912 /* FocusSessionSettingsViewController.swift */,
				689A4C372C46DCA50006B095 /* FocusSettingsViewController+Delegate.swift */,
				CE42E2F12C2F429C00A29B2D /* FocusSessionSettingsView.swift */,
				68AA61AA2C3C268C0053AD33 /* Extensions */,
			);
			path = Settings;
			sourceTree = "<group>";
		};
		6887D5B62C3869A700F037F2 /* Session */ = {
			isa = PBXGroup;
			children = (
				317C11292C35C4A100C5E7A5 /* FocusSessionCoordinator.swift */,
				CE128FBA2C2C886B003C0D4A /* FocusSessionViewModel.swift */,
				CE3010062C332A33007BCA07 /* FocusSessionViewController.swift */,
				6881FA782C456101000FECAE /* FocusSessionViewController+Delegate.swift */,
				CE3010042C3329F1007BCA07 /* FocusSessionView.swift */,
			);
			path = Session;
			sourceTree = "<group>";
		};
		68AA61AA2C3C268C0053AD33 /* Extensions */ = {
			isa = PBXGroup;
			children = (
				688C306C2C3EDB1F00E11EA7 /* FocusSessionSettings+Picker.swift */,
				68AA61A82C3C26220053AD33 /* FocusSessionSettings+Popover.swift */,
				68AA61A62C3C25980053AD33 /* FocusSessionSettings+Toggle.swift */,
				68AA61A42C3C25310053AD33 /* FocusSessionSettings+CellConfig.swift */,
			);
			path = Extensions;
			sourceTree = "<group>";
		};
		68C2D0082C473F5800E2347A /* Extensions */ = {
			isa = PBXGroup;
			children = (
				68C2D0092C473F8000E2347A /* ScheduleDetails+Picker.swift */,
				68C2D00B2C473FC100E2347A /* ScheduleDetails+Popover.swift */,
				68C2D00D2C47400A00E2347A /* ScheduleDetails+CellConfig.swift */,
			);
			path = Extensions;
			sourceTree = "<group>";
		};
/* End PBXGroup section */

/* Begin PBXNativeTarget section */
		683B45342C1B6F3A00663912 /* Education */ = {
			isa = PBXNativeTarget;
			buildConfigurationList = 683B45492C1B6F3B00663912 /* Build configuration list for PBXNativeTarget "Education" */;
			buildPhases = (
				683B45312C1B6F3A00663912 /* Sources */,
				683B45322C1B6F3A00663912 /* Frameworks */,
				683B45332C1B6F3A00663912 /* Resources */,
				CE3B7D472C45922A00EE5070 /* Embed Foundation Extensions */,
			);
			buildRules = (
			);
			dependencies = (
			);
			name = Education;
			packageProductDependencies = (
				683812FA2C483C700062067A /* Lottie */,
			);
			productName = Education;
			productReference = 683B45352C1B6F3A00663912 /* Education.app */;
			productType = "com.apple.product-type.application";
		};
		684BF8802C346E9A005E63BE /* EducationTests */ = {
			isa = PBXNativeTarget;
			buildConfigurationList = 684BF8892C346E9A005E63BE /* Build configuration list for PBXNativeTarget "EducationTests" */;
			buildPhases = (
				684BF87D2C346E9A005E63BE /* Sources */,
				684BF87E2C346E9A005E63BE /* Frameworks */,
				684BF87F2C346E9A005E63BE /* Resources */,
			);
			buildRules = (
			);
			dependencies = (
				684BF8862C346E9A005E63BE /* PBXTargetDependency */,
			);
			name = EducationTests;
			productName = EducationTests;
			productReference = 684BF8812C346E9A005E63BE /* EducationTests.xctest */;
			productType = "com.apple.product-type.bundle.unit-test";
		};
/* End PBXNativeTarget section */

/* Begin PBXProject section */
		683B452D2C1B6F3A00663912 /* Project object */ = {
			isa = PBXProject;
			attributes = {
				BuildIndependentTargetsInParallel = 1;
				LastSwiftUpdateCheck = 1540;
				LastUpgradeCheck = 1540;
				TargetAttributes = {
					683B45342C1B6F3A00663912 = {
						CreatedOnToolsVersion = 15.4;
					};
					684BF8802C346E9A005E63BE = {
						CreatedOnToolsVersion = 15.4;
						LastSwiftMigration = 1540;
						TestTargetID = 683B45342C1B6F3A00663912;
					};
				};
			};
			buildConfigurationList = 683B45302C1B6F3A00663912 /* Build configuration list for PBXProject "Education" */;
			compatibilityVersion = "Xcode 14.0";
			developmentRegion = en;
			hasScannedForEncodings = 0;
			knownRegions = (
				en,
				Base,
				"pt-BR",
			);
			mainGroup = 683B452C2C1B6F3A00663912;
			packageReferences = (
				683812F92C483C700062067A /* XCRemoteSwiftPackageReference "lottie-ios" */,
			);
			productRefGroup = 683B45362C1B6F3A00663912 /* Products */;
			projectDirPath = "";
			projectRoot = "";
			targets = (
				683B45342C1B6F3A00663912 /* Education */,
				684BF8802C346E9A005E63BE /* EducationTests */,
			);
		};
/* End PBXProject section */

/* Begin PBXResourcesBuildPhase section */
		683B45332C1B6F3A00663912 /* Resources */ = {
			isa = PBXResourcesBuildPhase;
			buildActionMask = 2147483647;
			files = (
				683B45422C1B6F3B00663912 /* Assets.xcassets in Resources */,
				68C8D9AB2C4987FF0092E80D /* Localizable.strings in Resources */,
				683B45452C1B6F3B00663912 /* Base in Resources */,
				683812FF2C483EDE0062067A /* loading.json in Resources */,
			);
			runOnlyForDeploymentPostprocessing = 0;
		};
		684BF87F2C346E9A005E63BE /* Resources */ = {
			isa = PBXResourcesBuildPhase;
			buildActionMask = 2147483647;
			files = (
			);
			runOnlyForDeploymentPostprocessing = 0;
		};
/* End PBXResourcesBuildPhase section */

/* Begin PBXSourcesBuildPhase section */
		683B45312C1B6F3A00663912 /* Sources */ = {
			isa = PBXSourcesBuildPhase;
			buildActionMask = 2147483647;
			files = (
				31AA70A22C2C8632002367CA /* DataBase.xcdatamodeld in Sources */,
				68C2D00C2C473FC100E2347A /* ScheduleDetails+Popover.swift in Sources */,
				68C2D0032C47255700E2347A /* DayView.swift in Sources */,
				317C11352C3EF7C700C5E7A5 /* StudyTimeView.swift in Sources */,
				68C2CFFF2C47233600E2347A /* ScheduleViewController+Delegate.swift in Sources */,
				6833B2152C345467009EA63D /* ObjectManager.swift in Sources */,
				683B453D2C1B6F3A00663912 /* FocusSessionSettingsViewController.swift in Sources */,
				68825BCB2C2F2D3300272451 /* ScheduleManager.swift in Sources */,
				68AA61A52C3C25310053AD33 /* FocusSessionSettings+CellConfig.swift in Sources */,
				30F216A42C2C885A00B7114F /* ThemeListViewController.swift in Sources */,
				317C11312C3EF74C00C5E7A5 /* StudyTimeViewController.swift in Sources */,
				68BBC96D2C35E13D00D82350 /* Dismissing.swift in Sources */,
				317C11372C3EF8A300C5E7A5 /* StudyTimeCoordinator.swift in Sources */,
				688C306D2C3EDB2000E11EA7 /* FocusSessionSettings+Picker.swift in Sources */,
				317C112C2C35C4F100C5E7A5 /* ShowingTimer.swift in Sources */,
				6874A2622C3F78B800CAC9E4 /* ScheduleDetailsViewController.swift in Sources */,
				68C2CFFD2C47232500E2347A /* ScheduleViewController.swift in Sources */,
				CE42E2F22C2F429C00A29B2D /* FocusSessionSettingsView.swift in Sources */,
				30F216BD2C2DEF7400B7114F /* ThemePageViewModel.swift in Sources */,
				68D47D562C2DDCD7000E011C /* FocusSession+Extension.swift in Sources */,
				68825BD12C2F348300272451 /* TestManager.swift in Sources */,
				317C112A2C35C4A100C5E7A5 /* FocusSessionCoordinator.swift in Sources */,
				683812EE2C481A740062067A /* SplashCoordinator.swift in Sources */,
				68DE198A2C3DBAD800872751 /* Popover.swift in Sources */,
				310B8A192C2F2694005339E8 /* TestPageViewController.swift in Sources */,
				684EDF972C2C871700A3F392 /* Coordinator.swift in Sources */,
				68825BD92C2F48FD00272451 /* ThemePageCoordinator.swift in Sources */,
				6881FA792C456101000FECAE /* FocusSessionViewController+Delegate.swift in Sources */,
				683B45392C1B6F3A00663912 /* AppDelegate.swift in Sources */,
				6887D5B32C3859DF00F037F2 /* ButtonComponent.swift in Sources */,
				68D47D572C2DDCD9000E011C /* Test+Extension.swift in Sources */,
				68825BC52C2F256E00272451 /* CoreDataStack.swift in Sources */,
				30F216B92C2DEF3B00B7114F /* ThemePageViewController.swift in Sources */,
				CE3010072C332A33007BCA07 /* FocusSessionViewController.swift in Sources */,
				CE3010052C3329F1007BCA07 /* FocusSessionView.swift in Sources */,
				6874A2602C3F727200CAC9E4 /* ScheduleCoordinator.swift in Sources */,
				CE128FBB2C2C886B003C0D4A /* FocusSessionViewModel.swift in Sources */,
				6833B21C2C3456D7009EA63D /* ViewCodeProtocol.swift in Sources */,
				682927512C30AE4000FE29AA /* (null) in Sources */,
				683812F22C481ADA0062067A /* SplashView.swift in Sources */,
				682927502C30AE2F00FE29AA /* ThemeManager.swift in Sources */,
				68C2D00A2C473F8000E2347A /* ScheduleDetails+Picker.swift in Sources */,
				683812F62C48329D0062067A /* UserDefaults.swift in Sources */,
				302E069D2C3F14AB00FAD574 /* ScheduleViewModel.swift in Sources */,
				317C112E2C35C70700C5E7A5 /* FocusSessionSettingsViewModel.swift in Sources */,
				30F216C02C2F26FE00B7114F /* ChartView.swift in Sources */,
				683812F02C481A9C0062067A /* SplashViewController.swift in Sources */,
				68333DD82C3F95AD0064BF87 /* ShowingScheduleDetails.swift in Sources */,
				68333DD22C3F81590064BF87 /* ScheduleDetailsViewModel.swift in Sources */,
				302E06A92C45884C00FAD574 /* StudyTimeChartView.swift in Sources */,
				317C11332C3EF78200C5E7A5 /* StudyTimeViewModel.swift in Sources */,
				68C2D0012C4723A100E2347A /* ScheduleTableViewCell.swift in Sources */,
				30F216BB2C2DEF4800B7114F /* ThemePageView.swift in Sources */,
				68C2D0072C473BF300E2347A /* TestPageViewController+Delegate.swift in Sources */,
				689A4C382C46DCA50006B095 /* FocusSettingsViewController+Delegate.swift in Sources */,
				68D47D542C2DDCD3000E011C /* Theme+Extension.swift in Sources */,
				68825BD72C2F469D00272451 /* ShowingThemePage.swift in Sources */,
				68C2D0052C473A4800E2347A /* ScheduleDetailsViewController+Delegate.swift in Sources */,
				317C11262C35BBBD00C5E7A5 /* TabBarController.swift in Sources */,
				68C2CFF72C470B9800E2347A /* StudyTimeViewController+Delegate.swift in Sources */,
				68825BC72C2F281400272451 /* SubjectManager.swift in Sources */,
				68833D9E2C46B69E00BA4850 /* ThemePageViewController+Delegate.swift in Sources */,
				68D47D552C2DDCD5000E011C /* Schedule+Extension.swift in Sources */,
				317C11392C3F018B00C5E7A5 /* SubjectTimeTableViewCell.swift in Sources */,
				68825BCD2C2F300000272451 /* FocusSessionManager.swift in Sources */,
				68AA61A92C3C26220053AD33 /* FocusSessionSettings+Popover.swift in Sources */,
				6881123E2C33388A003012D0 /* ShowingTestPage.swift in Sources */,
				68C2CFFB2C47220000E2347A /* ScheduleView.swift in Sources */,
				30F216A82C2C887A00B7114F /* ThemeListViewModel.swift in Sources */,
				68825BD32C2F370B00272451 /* Box.swift in Sources */,
				68D47D532C2DDCD1000E011C /* Subject+Extension.swift in Sources */,
				683812F42C481C580062067A /* ShowingTabBar.swift in Sources */,
				6874A2682C3F792800CAC9E4 /* ScheduleDetailsView.swift in Sources */,
				68AA61A72C3C25980053AD33 /* FocusSessionSettings+Toggle.swift in Sources */,
				683B453B2C1B6F3A00663912 /* SceneDelegate.swift in Sources */,
				68C2D00E2C47400A00E2347A /* ScheduleDetails+CellConfig.swift in Sources */,
				317C11282C35BF8200C5E7A5 /* FocusSessionSettingsCoordinator.swift in Sources */,
				68825BD52C2F37F100272451 /* ThemeListCoordinator.swift in Sources */,
				310B8A1B2C2F26BE005339E8 /* TestPageView.swift in Sources */,
				310B8A1F2C2F4ED5005339E8 /* TestTableViewCell.swift in Sources */,
				68833D9A2C46B28D00BA4850 /* DefaultCell.swift in Sources */,
			);
			runOnlyForDeploymentPostprocessing = 0;
		};
		684BF87D2C346E9A005E63BE /* Sources */ = {
			isa = PBXSourcesBuildPhase;
			buildActionMask = 2147483647;
			files = (
				684BF8932C347856005E63BE /* ScheduleManagerTest.swift in Sources */,
				684BF8992C34961C005E63BE /* TestManagerTest.swift in Sources */,
				684BF8912C346FE3005E63BE /* SubjectManagerTest.swift in Sources */,
				684BF88B2C346F1F005E63BE /* CoreDataTestStack.swift in Sources */,
				684BF8972C349074005E63BE /* ThemeManagerTest.swift in Sources */,
				684BF8952C348BF2005E63BE /* FocusSessionManagerTest.swift in Sources */,
			);
			runOnlyForDeploymentPostprocessing = 0;
		};
/* End PBXSourcesBuildPhase section */

/* Begin PBXTargetDependency section */
		684BF8862C346E9A005E63BE /* PBXTargetDependency */ = {
			isa = PBXTargetDependency;
			target = 683B45342C1B6F3A00663912 /* Education */;
			targetProxy = 684BF8852C346E9A005E63BE /* PBXContainerItemProxy */;
		};
/* End PBXTargetDependency section */

/* Begin PBXVariantGroup section */
		683B45432C1B6F3B00663912 /* LaunchScreen.storyboard */ = {
			isa = PBXVariantGroup;
			children = (
				683B45442C1B6F3B00663912 /* Base */,
			);
			name = LaunchScreen.storyboard;
			sourceTree = "<group>";
		};
		68C8D9A92C4987FF0092E80D /* Localizable.strings */ = {
			isa = PBXVariantGroup;
			children = (
				68C8D9AA2C4987FF0092E80D /* en */,
				68C8D9AC2C4988090092E80D /* pt-BR */,
			);
			name = Localizable.strings;
			sourceTree = "<group>";
		};
/* End PBXVariantGroup section */

/* Begin XCBuildConfiguration section */
		683B45472C1B6F3B00663912 /* Debug */ = {
			isa = XCBuildConfiguration;
			buildSettings = {
				ALWAYS_SEARCH_USER_PATHS = NO;
				ASSETCATALOG_COMPILER_GENERATE_SWIFT_ASSET_SYMBOL_EXTENSIONS = YES;
				CLANG_ANALYZER_LOCALIZABILITY_NONLOCALIZED = YES;
				CLANG_ANALYZER_NONNULL = YES;
				CLANG_ANALYZER_NUMBER_OBJECT_CONVERSION = YES_AGGRESSIVE;
				CLANG_CXX_LANGUAGE_STANDARD = "gnu++20";
				CLANG_ENABLE_MODULES = YES;
				CLANG_ENABLE_OBJC_ARC = YES;
				CLANG_ENABLE_OBJC_WEAK = YES;
				CLANG_WARN_BLOCK_CAPTURE_AUTORELEASING = YES;
				CLANG_WARN_BOOL_CONVERSION = YES;
				CLANG_WARN_COMMA = YES;
				CLANG_WARN_CONSTANT_CONVERSION = YES;
				CLANG_WARN_DEPRECATED_OBJC_IMPLEMENTATIONS = YES;
				CLANG_WARN_DIRECT_OBJC_ISA_USAGE = YES_ERROR;
				CLANG_WARN_DOCUMENTATION_COMMENTS = YES;
				CLANG_WARN_EMPTY_BODY = YES;
				CLANG_WARN_ENUM_CONVERSION = YES;
				CLANG_WARN_INFINITE_RECURSION = YES;
				CLANG_WARN_INT_CONVERSION = YES;
				CLANG_WARN_NON_LITERAL_NULL_CONVERSION = YES;
				CLANG_WARN_OBJC_IMPLICIT_RETAIN_SELF = YES;
				CLANG_WARN_OBJC_LITERAL_CONVERSION = YES;
				CLANG_WARN_OBJC_ROOT_CLASS = YES_ERROR;
				CLANG_WARN_QUOTED_INCLUDE_IN_FRAMEWORK_HEADER = YES;
				CLANG_WARN_RANGE_LOOP_ANALYSIS = YES;
				CLANG_WARN_STRICT_PROTOTYPES = YES;
				CLANG_WARN_SUSPICIOUS_MOVE = YES;
				CLANG_WARN_UNGUARDED_AVAILABILITY = YES_AGGRESSIVE;
				CLANG_WARN_UNREACHABLE_CODE = YES;
				CLANG_WARN__DUPLICATE_METHOD_MATCH = YES;
				COPY_PHASE_STRIP = NO;
				DEBUG_INFORMATION_FORMAT = dwarf;
				ENABLE_STRICT_OBJC_MSGSEND = YES;
				ENABLE_TESTABILITY = YES;
				ENABLE_USER_SCRIPT_SANDBOXING = YES;
				GCC_C_LANGUAGE_STANDARD = gnu17;
				GCC_DYNAMIC_NO_PIC = NO;
				GCC_NO_COMMON_BLOCKS = YES;
				GCC_OPTIMIZATION_LEVEL = 0;
				GCC_PREPROCESSOR_DEFINITIONS = (
					"DEBUG=1",
					"$(inherited)",
				);
				GCC_WARN_64_TO_32_BIT_CONVERSION = YES;
				GCC_WARN_ABOUT_RETURN_TYPE = YES_ERROR;
				GCC_WARN_UNDECLARED_SELECTOR = YES;
				GCC_WARN_UNINITIALIZED_AUTOS = YES_AGGRESSIVE;
				GCC_WARN_UNUSED_FUNCTION = YES;
				GCC_WARN_UNUSED_VARIABLE = YES;
				IPHONEOS_DEPLOYMENT_TARGET = 17.0;
				LOCALIZATION_PREFERS_STRING_CATALOGS = YES;
				MTL_ENABLE_DEBUG_INFO = INCLUDE_SOURCE;
				MTL_FAST_MATH = YES;
				ONLY_ACTIVE_ARCH = YES;
				SDKROOT = iphoneos;
				SWIFT_ACTIVE_COMPILATION_CONDITIONS = "DEBUG $(inherited)";
				SWIFT_OPTIMIZATION_LEVEL = "-Onone";
			};
			name = Debug;
		};
		683B45482C1B6F3B00663912 /* Release */ = {
			isa = XCBuildConfiguration;
			buildSettings = {
				ALWAYS_SEARCH_USER_PATHS = NO;
				ASSETCATALOG_COMPILER_GENERATE_SWIFT_ASSET_SYMBOL_EXTENSIONS = YES;
				CLANG_ANALYZER_LOCALIZABILITY_NONLOCALIZED = YES;
				CLANG_ANALYZER_NONNULL = YES;
				CLANG_ANALYZER_NUMBER_OBJECT_CONVERSION = YES_AGGRESSIVE;
				CLANG_CXX_LANGUAGE_STANDARD = "gnu++20";
				CLANG_ENABLE_MODULES = YES;
				CLANG_ENABLE_OBJC_ARC = YES;
				CLANG_ENABLE_OBJC_WEAK = YES;
				CLANG_WARN_BLOCK_CAPTURE_AUTORELEASING = YES;
				CLANG_WARN_BOOL_CONVERSION = YES;
				CLANG_WARN_COMMA = YES;
				CLANG_WARN_CONSTANT_CONVERSION = YES;
				CLANG_WARN_DEPRECATED_OBJC_IMPLEMENTATIONS = YES;
				CLANG_WARN_DIRECT_OBJC_ISA_USAGE = YES_ERROR;
				CLANG_WARN_DOCUMENTATION_COMMENTS = YES;
				CLANG_WARN_EMPTY_BODY = YES;
				CLANG_WARN_ENUM_CONVERSION = YES;
				CLANG_WARN_INFINITE_RECURSION = YES;
				CLANG_WARN_INT_CONVERSION = YES;
				CLANG_WARN_NON_LITERAL_NULL_CONVERSION = YES;
				CLANG_WARN_OBJC_IMPLICIT_RETAIN_SELF = YES;
				CLANG_WARN_OBJC_LITERAL_CONVERSION = YES;
				CLANG_WARN_OBJC_ROOT_CLASS = YES_ERROR;
				CLANG_WARN_QUOTED_INCLUDE_IN_FRAMEWORK_HEADER = YES;
				CLANG_WARN_RANGE_LOOP_ANALYSIS = YES;
				CLANG_WARN_STRICT_PROTOTYPES = YES;
				CLANG_WARN_SUSPICIOUS_MOVE = YES;
				CLANG_WARN_UNGUARDED_AVAILABILITY = YES_AGGRESSIVE;
				CLANG_WARN_UNREACHABLE_CODE = YES;
				CLANG_WARN__DUPLICATE_METHOD_MATCH = YES;
				COPY_PHASE_STRIP = NO;
				DEBUG_INFORMATION_FORMAT = "dwarf-with-dsym";
				ENABLE_NS_ASSERTIONS = NO;
				ENABLE_STRICT_OBJC_MSGSEND = YES;
				ENABLE_USER_SCRIPT_SANDBOXING = YES;
				GCC_C_LANGUAGE_STANDARD = gnu17;
				GCC_NO_COMMON_BLOCKS = YES;
				GCC_WARN_64_TO_32_BIT_CONVERSION = YES;
				GCC_WARN_ABOUT_RETURN_TYPE = YES_ERROR;
				GCC_WARN_UNDECLARED_SELECTOR = YES;
				GCC_WARN_UNINITIALIZED_AUTOS = YES_AGGRESSIVE;
				GCC_WARN_UNUSED_FUNCTION = YES;
				GCC_WARN_UNUSED_VARIABLE = YES;
				IPHONEOS_DEPLOYMENT_TARGET = 17.0;
				LOCALIZATION_PREFERS_STRING_CATALOGS = YES;
				MTL_ENABLE_DEBUG_INFO = NO;
				MTL_FAST_MATH = YES;
				SDKROOT = iphoneos;
				SWIFT_COMPILATION_MODE = wholemodule;
				VALIDATE_PRODUCT = YES;
			};
			name = Release;
		};
		683B454A2C1B6F3B00663912 /* Debug */ = {
			isa = XCBuildConfiguration;
			buildSettings = {
				ALWAYS_EMBED_SWIFT_STANDARD_LIBRARIES = YES;
				ASSETCATALOG_COMPILER_APPICON_NAME = AppIcon;
				ASSETCATALOG_COMPILER_GLOBAL_ACCENT_COLOR_NAME = AccentColor;
				CODE_SIGN_ENTITLEMENTS = Education/Education.entitlements;
				CODE_SIGN_IDENTITY = "Apple Development";
				CODE_SIGN_STYLE = Automatic;
				CURRENT_PROJECT_VERSION = 1;
				DEVELOPMENT_TEAM = N7QW85QF8V;
				GENERATE_INFOPLIST_FILE = YES;
				INFOPLIST_FILE = Education/Info.plist;
				INFOPLIST_KEY_CFBundleDisplayName = Foca;
				INFOPLIST_KEY_UIApplicationSupportsIndirectInputEvents = YES;
				INFOPLIST_KEY_UILaunchStoryboardName = LaunchScreen;
				INFOPLIST_KEY_UISupportedInterfaceOrientations_iPad = "UIInterfaceOrientationPortrait UIInterfaceOrientationPortraitUpsideDown UIInterfaceOrientationLandscapeLeft UIInterfaceOrientationLandscapeRight";
				INFOPLIST_KEY_UISupportedInterfaceOrientations_iPhone = "UIInterfaceOrientationPortrait UIInterfaceOrientationLandscapeLeft UIInterfaceOrientationLandscapeRight";
				LD_RUNPATH_SEARCH_PATHS = (
					"$(inherited)",
					"@executable_path/Frameworks",
				);
				MARKETING_VERSION = 1.0;
				PRODUCT_BUNDLE_IDENTIFIER = com.arthursobrosa.Education;
				PRODUCT_NAME = "$(TARGET_NAME)";
				PROVISIONING_PROFILE_SPECIFIER = "";
				SWIFT_EMIT_LOC_STRINGS = YES;
				SWIFT_VERSION = 5.0;
				TARGETED_DEVICE_FAMILY = "1,2";
			};
			name = Debug;
		};
		683B454B2C1B6F3B00663912 /* Release */ = {
			isa = XCBuildConfiguration;
			buildSettings = {
				ALWAYS_EMBED_SWIFT_STANDARD_LIBRARIES = YES;
				ASSETCATALOG_COMPILER_APPICON_NAME = AppIcon;
				ASSETCATALOG_COMPILER_GLOBAL_ACCENT_COLOR_NAME = AccentColor;
				CODE_SIGN_ENTITLEMENTS = Education/Education.entitlements;
				CODE_SIGN_STYLE = Automatic;
				CURRENT_PROJECT_VERSION = 1;
				DEVELOPMENT_TEAM = N7QW85QF8V;
				GENERATE_INFOPLIST_FILE = YES;
				INFOPLIST_FILE = Education/Info.plist;
				INFOPLIST_KEY_CFBundleDisplayName = Foca;
				INFOPLIST_KEY_UIApplicationSupportsIndirectInputEvents = YES;
				INFOPLIST_KEY_UILaunchStoryboardName = LaunchScreen;
				INFOPLIST_KEY_UISupportedInterfaceOrientations_iPad = "UIInterfaceOrientationPortrait UIInterfaceOrientationPortraitUpsideDown UIInterfaceOrientationLandscapeLeft UIInterfaceOrientationLandscapeRight";
				INFOPLIST_KEY_UISupportedInterfaceOrientations_iPhone = "UIInterfaceOrientationPortrait UIInterfaceOrientationLandscapeLeft UIInterfaceOrientationLandscapeRight";
				LD_RUNPATH_SEARCH_PATHS = (
					"$(inherited)",
					"@executable_path/Frameworks",
				);
				MARKETING_VERSION = 1.0;
				PRODUCT_BUNDLE_IDENTIFIER = com.arthursobrosa.Education;
				PRODUCT_NAME = "$(TARGET_NAME)";
				SWIFT_EMIT_LOC_STRINGS = YES;
				SWIFT_VERSION = 5.0;
				TARGETED_DEVICE_FAMILY = "1,2";
			};
			name = Release;
		};
		684BF8872C346E9A005E63BE /* Debug */ = {
			isa = XCBuildConfiguration;
			buildSettings = {
				BUNDLE_LOADER = "$(TEST_HOST)";
				CLANG_ENABLE_MODULES = YES;
				CODE_SIGN_STYLE = Automatic;
				CURRENT_PROJECT_VERSION = 1;
				DEVELOPMENT_TEAM = N7QW85QF8V;
				GENERATE_INFOPLIST_FILE = YES;
				IPHONEOS_DEPLOYMENT_TARGET = 17.0;
				MARKETING_VERSION = 1.0;
				PRODUCT_BUNDLE_IDENTIFIER = com.arthursobrosa.EducationTests;
				PRODUCT_NAME = "$(TARGET_NAME)";
				SWIFT_EMIT_LOC_STRINGS = NO;
				SWIFT_OPTIMIZATION_LEVEL = "-Onone";
				SWIFT_VERSION = 5.0;
				TARGETED_DEVICE_FAMILY = "1,2";
				TEST_HOST = "$(BUILT_PRODUCTS_DIR)/Education.app/$(BUNDLE_EXECUTABLE_FOLDER_PATH)/Education";
			};
			name = Debug;
		};
		684BF8882C346E9A005E63BE /* Release */ = {
			isa = XCBuildConfiguration;
			buildSettings = {
				BUNDLE_LOADER = "$(TEST_HOST)";
				CLANG_ENABLE_MODULES = YES;
				CODE_SIGN_STYLE = Automatic;
				CURRENT_PROJECT_VERSION = 1;
				DEVELOPMENT_TEAM = N7QW85QF8V;
				GENERATE_INFOPLIST_FILE = YES;
				IPHONEOS_DEPLOYMENT_TARGET = 17.0;
				MARKETING_VERSION = 1.0;
				PRODUCT_BUNDLE_IDENTIFIER = com.arthursobrosa.EducationTests;
				PRODUCT_NAME = "$(TARGET_NAME)";
				SWIFT_EMIT_LOC_STRINGS = NO;
				SWIFT_VERSION = 5.0;
				TARGETED_DEVICE_FAMILY = "1,2";
				TEST_HOST = "$(BUILT_PRODUCTS_DIR)/Education.app/$(BUNDLE_EXECUTABLE_FOLDER_PATH)/Education";
			};
			name = Release;
		};
/* End XCBuildConfiguration section */

/* Begin XCConfigurationList section */
		683B45302C1B6F3A00663912 /* Build configuration list for PBXProject "Education" */ = {
			isa = XCConfigurationList;
			buildConfigurations = (
				683B45472C1B6F3B00663912 /* Debug */,
				683B45482C1B6F3B00663912 /* Release */,
			);
			defaultConfigurationIsVisible = 0;
			defaultConfigurationName = Release;
		};
		683B45492C1B6F3B00663912 /* Build configuration list for PBXNativeTarget "Education" */ = {
			isa = XCConfigurationList;
			buildConfigurations = (
				683B454A2C1B6F3B00663912 /* Debug */,
				683B454B2C1B6F3B00663912 /* Release */,
			);
			defaultConfigurationIsVisible = 0;
			defaultConfigurationName = Release;
		};
		684BF8892C346E9A005E63BE /* Build configuration list for PBXNativeTarget "EducationTests" */ = {
			isa = XCConfigurationList;
			buildConfigurations = (
				684BF8872C346E9A005E63BE /* Debug */,
				684BF8882C346E9A005E63BE /* Release */,
			);
			defaultConfigurationIsVisible = 0;
			defaultConfigurationName = Release;
		};
/* End XCConfigurationList section */

/* Begin XCRemoteSwiftPackageReference section */
		683812F92C483C700062067A /* XCRemoteSwiftPackageReference "lottie-ios" */ = {
			isa = XCRemoteSwiftPackageReference;
			repositoryURL = "https://github.com/airbnb/lottie-ios.git";
			requirement = {
				kind = upToNextMajorVersion;
				minimumVersion = 4.5.0;
			};
		};
/* End XCRemoteSwiftPackageReference section */

/* Begin XCSwiftPackageProductDependency section */
		683812FA2C483C700062067A /* Lottie */ = {
			isa = XCSwiftPackageProductDependency;
			package = 683812F92C483C700062067A /* XCRemoteSwiftPackageReference "lottie-ios" */;
			productName = Lottie;
		};
/* End XCSwiftPackageProductDependency section */

/* Begin XCVersionGroup section */
		31AA70A02C2C8632002367CA /* DataBase.xcdatamodeld */ = {
			isa = XCVersionGroup;
			children = (
				31AA70A12C2C8632002367CA /* DataBase.xcdatamodel */,
			);
			currentVersion = 31AA70A12C2C8632002367CA /* DataBase.xcdatamodel */;
			path = DataBase.xcdatamodeld;
			sourceTree = "<group>";
			versionGroupType = wrapper.xcdatamodel;
		};
/* End XCVersionGroup section */
	};
	rootObject = 683B452D2C1B6F3A00663912 /* Project object */;
}
