// !$*UTF8*$!
{
	archiveVersion = 1;
	classes = {
	};
	objectVersion = 56;
	objects = {

/* Begin PBXBuildFile section */
		30F216A42C2C885A00B7114F /* ThemeListViewController.swift in Sources */ = {isa = PBXBuildFile; fileRef = 30F216A32C2C885A00B7114F /* ThemeListViewController.swift */; };
		30F216A62C2C886600B7114F /* ThemeListView.swift in Sources */ = {isa = PBXBuildFile; fileRef = 30F216A52C2C886600B7114F /* ThemeListView.swift */; };
		30F216A82C2C887A00B7114F /* ThemeListViewModel.swift in Sources */ = {isa = PBXBuildFile; fileRef = 30F216A72C2C887A00B7114F /* ThemeListViewModel.swift */; };
		30F216B92C2DEF3B00B7114F /* ThemePageViewController.swift in Sources */ = {isa = PBXBuildFile; fileRef = 30F216B82C2DEF3B00B7114F /* ThemePageViewController.swift */; };
		30F216BB2C2DEF4800B7114F /* ThemePageView.swift in Sources */ = {isa = PBXBuildFile; fileRef = 30F216BA2C2DEF4800B7114F /* ThemePageView.swift */; };
		30F216BD2C2DEF7400B7114F /* ThemePageViewModel.swift in Sources */ = {isa = PBXBuildFile; fileRef = 30F216BC2C2DEF7400B7114F /* ThemePageViewModel.swift */; };
		31AA70A22C2C8632002367CA /* DataBase.xcdatamodeld in Sources */ = {isa = PBXBuildFile; fileRef = 31AA70A02C2C8632002367CA /* DataBase.xcdatamodeld */; };
		683B45392C1B6F3A00663912 /* AppDelegate.swift in Sources */ = {isa = PBXBuildFile; fileRef = 683B45382C1B6F3A00663912 /* AppDelegate.swift */; };
		683B453B2C1B6F3A00663912 /* SceneDelegate.swift in Sources */ = {isa = PBXBuildFile; fileRef = 683B453A2C1B6F3A00663912 /* SceneDelegate.swift */; };
		683B453D2C1B6F3A00663912 /* ViewController.swift in Sources */ = {isa = PBXBuildFile; fileRef = 683B453C2C1B6F3A00663912 /* ViewController.swift */; };
		683B45422C1B6F3B00663912 /* Assets.xcassets in Resources */ = {isa = PBXBuildFile; fileRef = 683B45412C1B6F3B00663912 /* Assets.xcassets */; };
		683B45452C1B6F3B00663912 /* Base in Resources */ = {isa = PBXBuildFile; fileRef = 683B45442C1B6F3B00663912 /* Base */; };
		684EDF972C2C871700A3F392 /* Coordinator.swift in Sources */ = {isa = PBXBuildFile; fileRef = 684EDF962C2C871700A3F392 /* Coordinator.swift */; };
		68D47D522C2DDCC5000E011C /* CoreDataManager.swift in Sources */ = {isa = PBXBuildFile; fileRef = 684EDF982C2C885400A3F392 /* CoreDataManager.swift */; };
		68D47D532C2DDCD1000E011C /* Subject+Extension.swift in Sources */ = {isa = PBXBuildFile; fileRef = 684EDF9A2C2C8C6C00A3F392 /* Subject+Extension.swift */; };
		68D47D542C2DDCD3000E011C /* Theme+Extension.swift in Sources */ = {isa = PBXBuildFile; fileRef = 684EDF9C2C2C8DB500A3F392 /* Theme+Extension.swift */; };
		68D47D552C2DDCD5000E011C /* Schedule+Extension.swift in Sources */ = {isa = PBXBuildFile; fileRef = 684EDF9E2C2C8EC000A3F392 /* Schedule+Extension.swift */; };
		68D47D562C2DDCD7000E011C /* FocusSession+Extension.swift in Sources */ = {isa = PBXBuildFile; fileRef = 684EDFA02C2C947300A3F392 /* FocusSession+Extension.swift */; };
		68D47D572C2DDCD9000E011C /* Test+Extension.swift in Sources */ = {isa = PBXBuildFile; fileRef = 684EDFA22C2CA0CA00A3F392 /* Test+Extension.swift */; };
		CE128FBB2C2C886B003C0D4A /* TimerViewModel.swift in Sources */ = {isa = PBXBuildFile; fileRef = CE128FBA2C2C886B003C0D4A /* TimerViewModel.swift */; };
		CE42E2F22C2F429C00A29B2D /* TimerPickerView.swift in Sources */ = {isa = PBXBuildFile; fileRef = CE42E2F12C2F429C00A29B2D /* TimerPickerView.swift */; };
/* End PBXBuildFile section */

/* Begin PBXFileReference section */
		30F216A32C2C885A00B7114F /* ThemeListViewController.swift */ = {isa = PBXFileReference; lastKnownFileType = sourcecode.swift; path = ThemeListViewController.swift; sourceTree = "<group>"; };
		30F216A52C2C886600B7114F /* ThemeListView.swift */ = {isa = PBXFileReference; lastKnownFileType = sourcecode.swift; path = ThemeListView.swift; sourceTree = "<group>"; };
		30F216A72C2C887A00B7114F /* ThemeListViewModel.swift */ = {isa = PBXFileReference; lastKnownFileType = sourcecode.swift; path = ThemeListViewModel.swift; sourceTree = "<group>"; };
		30F216B82C2DEF3B00B7114F /* ThemePageViewController.swift */ = {isa = PBXFileReference; lastKnownFileType = sourcecode.swift; path = ThemePageViewController.swift; sourceTree = "<group>"; };
		30F216BA2C2DEF4800B7114F /* ThemePageView.swift */ = {isa = PBXFileReference; lastKnownFileType = sourcecode.swift; path = ThemePageView.swift; sourceTree = "<group>"; };
		30F216BC2C2DEF7400B7114F /* ThemePageViewModel.swift */ = {isa = PBXFileReference; lastKnownFileType = sourcecode.swift; path = ThemePageViewModel.swift; sourceTree = "<group>"; };
		31AA70A12C2C8632002367CA /* DataBase.xcdatamodel */ = {isa = PBXFileReference; lastKnownFileType = wrapper.xcdatamodel; path = DataBase.xcdatamodel; sourceTree = "<group>"; };
		683B45352C1B6F3A00663912 /* Education.app */ = {isa = PBXFileReference; explicitFileType = wrapper.application; includeInIndex = 0; path = Education.app; sourceTree = BUILT_PRODUCTS_DIR; };
		683B45382C1B6F3A00663912 /* AppDelegate.swift */ = {isa = PBXFileReference; lastKnownFileType = sourcecode.swift; path = AppDelegate.swift; sourceTree = "<group>"; };
		683B453A2C1B6F3A00663912 /* SceneDelegate.swift */ = {isa = PBXFileReference; lastKnownFileType = sourcecode.swift; path = SceneDelegate.swift; sourceTree = "<group>"; };
		683B453C2C1B6F3A00663912 /* ViewController.swift */ = {isa = PBXFileReference; lastKnownFileType = sourcecode.swift; path = ViewController.swift; sourceTree = "<group>"; };
		683B45412C1B6F3B00663912 /* Assets.xcassets */ = {isa = PBXFileReference; lastKnownFileType = folder.assetcatalog; path = Assets.xcassets; sourceTree = "<group>"; };
		683B45442C1B6F3B00663912 /* Base */ = {isa = PBXFileReference; lastKnownFileType = file.storyboard; name = Base; path = Base.lproj/LaunchScreen.storyboard; sourceTree = "<group>"; };
		683B45462C1B6F3B00663912 /* Info.plist */ = {isa = PBXFileReference; lastKnownFileType = text.plist.xml; path = Info.plist; sourceTree = "<group>"; };
		684EDF962C2C871700A3F392 /* Coordinator.swift */ = {isa = PBXFileReference; lastKnownFileType = sourcecode.swift; path = Coordinator.swift; sourceTree = "<group>"; };
		684EDF982C2C885400A3F392 /* CoreDataManager.swift */ = {isa = PBXFileReference; lastKnownFileType = sourcecode.swift; path = CoreDataManager.swift; sourceTree = "<group>"; };
		684EDF9A2C2C8C6C00A3F392 /* Subject+Extension.swift */ = {isa = PBXFileReference; lastKnownFileType = sourcecode.swift; path = "Subject+Extension.swift"; sourceTree = "<group>"; };
		684EDF9C2C2C8DB500A3F392 /* Theme+Extension.swift */ = {isa = PBXFileReference; lastKnownFileType = sourcecode.swift; path = "Theme+Extension.swift"; sourceTree = "<group>"; };
		684EDF9E2C2C8EC000A3F392 /* Schedule+Extension.swift */ = {isa = PBXFileReference; lastKnownFileType = sourcecode.swift; path = "Schedule+Extension.swift"; sourceTree = "<group>"; };
		684EDFA02C2C947300A3F392 /* FocusSession+Extension.swift */ = {isa = PBXFileReference; lastKnownFileType = sourcecode.swift; path = "FocusSession+Extension.swift"; sourceTree = "<group>"; };
		684EDFA22C2CA0CA00A3F392 /* Test+Extension.swift */ = {isa = PBXFileReference; lastKnownFileType = sourcecode.swift; path = "Test+Extension.swift"; sourceTree = "<group>"; };
		CE128FBA2C2C886B003C0D4A /* TimerViewModel.swift */ = {isa = PBXFileReference; lastKnownFileType = sourcecode.swift; path = TimerViewModel.swift; sourceTree = "<group>"; };
		CE42E2F12C2F429C00A29B2D /* TimerPickerView.swift */ = {isa = PBXFileReference; fileEncoding = 4; lastKnownFileType = sourcecode.swift; path = TimerPickerView.swift; sourceTree = "<group>"; };
/* End PBXFileReference section */

/* Begin PBXFrameworksBuildPhase section */
		683B45322C1B6F3A00663912 /* Frameworks */ = {
			isa = PBXFrameworksBuildPhase;
			buildActionMask = 2147483647;
			files = (
			);
			runOnlyForDeploymentPostprocessing = 0;
		};
/* End PBXFrameworksBuildPhase section */

/* Begin PBXGroup section */
		30F216A12C2C883900B7114F /* Themes */ = {
			isa = PBXGroup;
			children = (
				30F216B72C2DEF2200B7114F /* ThemePage */,
				30F216A22C2C884400B7114F /* ThemeList */,
			);
			path = Themes;
			sourceTree = "<group>";
		};
		30F216A22C2C884400B7114F /* ThemeList */ = {
			isa = PBXGroup;
			children = (
				30F216A32C2C885A00B7114F /* ThemeListViewController.swift */,
				30F216A52C2C886600B7114F /* ThemeListView.swift */,
				30F216A72C2C887A00B7114F /* ThemeListViewModel.swift */,
			);
			path = ThemeList;
			sourceTree = "<group>";
		};
		30F216B72C2DEF2200B7114F /* ThemePage */ = {
			isa = PBXGroup;
			children = (
				30F216B82C2DEF3B00B7114F /* ThemePageViewController.swift */,
				30F216BA2C2DEF4800B7114F /* ThemePageView.swift */,
				30F216BC2C2DEF7400B7114F /* ThemePageViewModel.swift */,
			);
			path = ThemePage;
			sourceTree = "<group>";
		};
		683B452C2C1B6F3A00663912 = {
			isa = PBXGroup;
			children = (
				683B45372C1B6F3A00663912 /* Education */,
				683B45362C1B6F3A00663912 /* Products */,
			);
			sourceTree = "<group>";
		};
		683B45362C1B6F3A00663912 /* Products */ = {
			isa = PBXGroup;
			children = (
				683B45352C1B6F3A00663912 /* Education.app */,
			);
			name = Products;
			sourceTree = "<group>";
		};
		683B45372C1B6F3A00663912 /* Education */ = {
			isa = PBXGroup;
			children = (
				683B45382C1B6F3A00663912 /* AppDelegate.swift */,
				683B453A2C1B6F3A00663912 /* SceneDelegate.swift */,
				30F216A12C2C883900B7114F /* Themes */,
				684EDFA62C2CAA7B00A3F392 /* CoreData */,
				683B453C2C1B6F3A00663912 /* ViewController.swift */,
				684EDF962C2C871700A3F392 /* Coordinator.swift */,
				CE42E2F12C2F429C00A29B2D /* TimerPickerView.swift */,
				CE128FBA2C2C886B003C0D4A /* TimerViewModel.swift */,
				31AA70A02C2C8632002367CA /* DataBase.xcdatamodeld */,
				683B45412C1B6F3B00663912 /* Assets.xcassets */,
				683B45432C1B6F3B00663912 /* LaunchScreen.storyboard */,
				683B45462C1B6F3B00663912 /* Info.plist */,
			);
			path = Education;
			sourceTree = "<group>";
		};
		684EDFA62C2CAA7B00A3F392 /* CoreData */ = {
			isa = PBXGroup;
			children = (
				684EDFA72C2CAA8300A3F392 /* Extensions */,
				684EDF982C2C885400A3F392 /* CoreDataManager.swift */,
			);
			path = CoreData;
			sourceTree = "<group>";
		};
		684EDFA72C2CAA8300A3F392 /* Extensions */ = {
			isa = PBXGroup;
			children = (
				684EDF9A2C2C8C6C00A3F392 /* Subject+Extension.swift */,
				684EDF9C2C2C8DB500A3F392 /* Theme+Extension.swift */,
				684EDF9E2C2C8EC000A3F392 /* Schedule+Extension.swift */,
				684EDFA02C2C947300A3F392 /* FocusSession+Extension.swift */,
				684EDFA22C2CA0CA00A3F392 /* Test+Extension.swift */,
			);
			path = Extensions;
			sourceTree = "<group>";
		};
/* End PBXGroup section */

/* Begin PBXNativeTarget section */
		683B45342C1B6F3A00663912 /* Education */ = {
			isa = PBXNativeTarget;
			buildConfigurationList = 683B45492C1B6F3B00663912 /* Build configuration list for PBXNativeTarget "Education" */;
			buildPhases = (
				683B45312C1B6F3A00663912 /* Sources */,
				683B45322C1B6F3A00663912 /* Frameworks */,
				683B45332C1B6F3A00663912 /* Resources */,
			);
			buildRules = (
			);
			dependencies = (
			);
			name = Education;
			productName = Education;
			productReference = 683B45352C1B6F3A00663912 /* Education.app */;
			productType = "com.apple.product-type.application";
		};
/* End PBXNativeTarget section */

/* Begin PBXProject section */
		683B452D2C1B6F3A00663912 /* Project object */ = {
			isa = PBXProject;
			attributes = {
				BuildIndependentTargetsInParallel = 1;
				LastSwiftUpdateCheck = 1540;
				LastUpgradeCheck = 1540;
				TargetAttributes = {
					683B45342C1B6F3A00663912 = {
						CreatedOnToolsVersion = 15.4;
					};
				};
			};
			buildConfigurationList = 683B45302C1B6F3A00663912 /* Build configuration list for PBXProject "Education" */;
			compatibilityVersion = "Xcode 14.0";
			developmentRegion = en;
			hasScannedForEncodings = 0;
			knownRegions = (
				en,
				Base,
			);
			mainGroup = 683B452C2C1B6F3A00663912;
			productRefGroup = 683B45362C1B6F3A00663912 /* Products */;
			projectDirPath = "";
			projectRoot = "";
			targets = (
				683B45342C1B6F3A00663912 /* Education */,
			);
		};
/* End PBXProject section */

/* Begin PBXResourcesBuildPhase section */
		683B45332C1B6F3A00663912 /* Resources */ = {
			isa = PBXResourcesBuildPhase;
			buildActionMask = 2147483647;
			files = (
				683B45422C1B6F3B00663912 /* Assets.xcassets in Resources */,
				683B45452C1B6F3B00663912 /* Base in Resources */,
			);
			runOnlyForDeploymentPostprocessing = 0;
		};
/* End PBXResourcesBuildPhase section */

/* Begin PBXSourcesBuildPhase section */
		683B45312C1B6F3A00663912 /* Sources */ = {
			isa = PBXSourcesBuildPhase;
			buildActionMask = 2147483647;
			files = (
				31AA70A22C2C8632002367CA /* DataBase.xcdatamodeld in Sources */,
				683B453D2C1B6F3A00663912 /* ViewController.swift in Sources */,
				30F216A42C2C885A00B7114F /* ThemeListViewController.swift in Sources */,
				CE42E2F22C2F429C00A29B2D /* TimerPickerView.swift in Sources */,
				30F216BD2C2DEF7400B7114F /* ThemePageViewModel.swift in Sources */,
				68D47D562C2DDCD7000E011C /* FocusSession+Extension.swift in Sources */,
				684EDF972C2C871700A3F392 /* Coordinator.swift in Sources */,
				683B45392C1B6F3A00663912 /* AppDelegate.swift in Sources */,
				68D47D572C2DDCD9000E011C /* Test+Extension.swift in Sources */,
				30F216B92C2DEF3B00B7114F /* ThemePageViewController.swift in Sources */,
				CE128FBB2C2C886B003C0D4A /* TimerViewModel.swift in Sources */,
				30F216A62C2C886600B7114F /* ThemeListView.swift in Sources */,
				30F216BB2C2DEF4800B7114F /* ThemePageView.swift in Sources */,
				68D47D542C2DDCD3000E011C /* Theme+Extension.swift in Sources */,
				68D47D552C2DDCD5000E011C /* Schedule+Extension.swift in Sources */,
				30F216A82C2C887A00B7114F /* ThemeListViewModel.swift in Sources */,
				68D47D532C2DDCD1000E011C /* Subject+Extension.swift in Sources */,
				68D47D522C2DDCC5000E011C /* CoreDataManager.swift in Sources */,
				683B453B2C1B6F3A00663912 /* SceneDelegate.swift in Sources */,
			);
			runOnlyForDeploymentPostprocessing = 0;
		};
/* End PBXSourcesBuildPhase section */

/* Begin PBXVariantGroup section */
		683B45432C1B6F3B00663912 /* LaunchScreen.storyboard */ = {
			isa = PBXVariantGroup;
			children = (
				683B45442C1B6F3B00663912 /* Base */,
			);
			name = LaunchScreen.storyboard;
			sourceTree = "<group>";
		};
/* End PBXVariantGroup section */

/* Begin XCBuildConfiguration section */
		683B45472C1B6F3B00663912 /* Debug */ = {
			isa = XCBuildConfiguration;
			buildSettings = {
				ALWAYS_SEARCH_USER_PATHS = NO;
				ASSETCATALOG_COMPILER_GENERATE_SWIFT_ASSET_SYMBOL_EXTENSIONS = YES;
				CLANG_ANALYZER_NONNULL = YES;
				CLANG_ANALYZER_NUMBER_OBJECT_CONVERSION = YES_AGGRESSIVE;
				CLANG_CXX_LANGUAGE_STANDARD = "gnu++20";
				CLANG_ENABLE_MODULES = YES;
				CLANG_ENABLE_OBJC_ARC = YES;
				CLANG_ENABLE_OBJC_WEAK = YES;
				CLANG_WARN_BLOCK_CAPTURE_AUTORELEASING = YES;
				CLANG_WARN_BOOL_CONVERSION = YES;
				CLANG_WARN_COMMA = YES;
				CLANG_WARN_CONSTANT_CONVERSION = YES;
				CLANG_WARN_DEPRECATED_OBJC_IMPLEMENTATIONS = YES;
				CLANG_WARN_DIRECT_OBJC_ISA_USAGE = YES_ERROR;
				CLANG_WARN_DOCUMENTATION_COMMENTS = YES;
				CLANG_WARN_EMPTY_BODY = YES;
				CLANG_WARN_ENUM_CONVERSION = YES;
				CLANG_WARN_INFINITE_RECURSION = YES;
				CLANG_WARN_INT_CONVERSION = YES;
				CLANG_WARN_NON_LITERAL_NULL_CONVERSION = YES;
				CLANG_WARN_OBJC_IMPLICIT_RETAIN_SELF = YES;
				CLANG_WARN_OBJC_LITERAL_CONVERSION = YES;
				CLANG_WARN_OBJC_ROOT_CLASS = YES_ERROR;
				CLANG_WARN_QUOTED_INCLUDE_IN_FRAMEWORK_HEADER = YES;
				CLANG_WARN_RANGE_LOOP_ANALYSIS = YES;
				CLANG_WARN_STRICT_PROTOTYPES = YES;
				CLANG_WARN_SUSPICIOUS_MOVE = YES;
				CLANG_WARN_UNGUARDED_AVAILABILITY = YES_AGGRESSIVE;
				CLANG_WARN_UNREACHABLE_CODE = YES;
				CLANG_WARN__DUPLICATE_METHOD_MATCH = YES;
				COPY_PHASE_STRIP = NO;
				DEBUG_INFORMATION_FORMAT = dwarf;
				ENABLE_STRICT_OBJC_MSGSEND = YES;
				ENABLE_TESTABILITY = YES;
				ENABLE_USER_SCRIPT_SANDBOXING = YES;
				GCC_C_LANGUAGE_STANDARD = gnu17;
				GCC_DYNAMIC_NO_PIC = NO;
				GCC_NO_COMMON_BLOCKS = YES;
				GCC_OPTIMIZATION_LEVEL = 0;
				GCC_PREPROCESSOR_DEFINITIONS = (
					"DEBUG=1",
					"$(inherited)",
				);
				GCC_WARN_64_TO_32_BIT_CONVERSION = YES;
				GCC_WARN_ABOUT_RETURN_TYPE = YES_ERROR;
				GCC_WARN_UNDECLARED_SELECTOR = YES;
				GCC_WARN_UNINITIALIZED_AUTOS = YES_AGGRESSIVE;
				GCC_WARN_UNUSED_FUNCTION = YES;
				GCC_WARN_UNUSED_VARIABLE = YES;
				IPHONEOS_DEPLOYMENT_TARGET = 17.0;
				LOCALIZATION_PREFERS_STRING_CATALOGS = YES;
				MTL_ENABLE_DEBUG_INFO = INCLUDE_SOURCE;
				MTL_FAST_MATH = YES;
				ONLY_ACTIVE_ARCH = YES;
				SDKROOT = iphoneos;
				SWIFT_ACTIVE_COMPILATION_CONDITIONS = "DEBUG $(inherited)";
				SWIFT_OPTIMIZATION_LEVEL = "-Onone";
			};
			name = Debug;
		};
		683B45482C1B6F3B00663912 /* Release */ = {
			isa = XCBuildConfiguration;
			buildSettings = {
				ALWAYS_SEARCH_USER_PATHS = NO;
				ASSETCATALOG_COMPILER_GENERATE_SWIFT_ASSET_SYMBOL_EXTENSIONS = YES;
				CLANG_ANALYZER_NONNULL = YES;
				CLANG_ANALYZER_NUMBER_OBJECT_CONVERSION = YES_AGGRESSIVE;
				CLANG_CXX_LANGUAGE_STANDARD = "gnu++20";
				CLANG_ENABLE_MODULES = YES;
				CLANG_ENABLE_OBJC_ARC = YES;
				CLANG_ENABLE_OBJC_WEAK = YES;
				CLANG_WARN_BLOCK_CAPTURE_AUTORELEASING = YES;
				CLANG_WARN_BOOL_CONVERSION = YES;
				CLANG_WARN_COMMA = YES;
				CLANG_WARN_CONSTANT_CONVERSION = YES;
				CLANG_WARN_DEPRECATED_OBJC_IMPLEMENTATIONS = YES;
				CLANG_WARN_DIRECT_OBJC_ISA_USAGE = YES_ERROR;
				CLANG_WARN_DOCUMENTATION_COMMENTS = YES;
				CLANG_WARN_EMPTY_BODY = YES;
				CLANG_WARN_ENUM_CONVERSION = YES;
				CLANG_WARN_INFINITE_RECURSION = YES;
				CLANG_WARN_INT_CONVERSION = YES;
				CLANG_WARN_NON_LITERAL_NULL_CONVERSION = YES;
				CLANG_WARN_OBJC_IMPLICIT_RETAIN_SELF = YES;
				CLANG_WARN_OBJC_LITERAL_CONVERSION = YES;
				CLANG_WARN_OBJC_ROOT_CLASS = YES_ERROR;
				CLANG_WARN_QUOTED_INCLUDE_IN_FRAMEWORK_HEADER = YES;
				CLANG_WARN_RANGE_LOOP_ANALYSIS = YES;
				CLANG_WARN_STRICT_PROTOTYPES = YES;
				CLANG_WARN_SUSPICIOUS_MOVE = YES;
				CLANG_WARN_UNGUARDED_AVAILABILITY = YES_AGGRESSIVE;
				CLANG_WARN_UNREACHABLE_CODE = YES;
				CLANG_WARN__DUPLICATE_METHOD_MATCH = YES;
				COPY_PHASE_STRIP = NO;
				DEBUG_INFORMATION_FORMAT = "dwarf-with-dsym";
				ENABLE_NS_ASSERTIONS = NO;
				ENABLE_STRICT_OBJC_MSGSEND = YES;
				ENABLE_USER_SCRIPT_SANDBOXING = YES;
				GCC_C_LANGUAGE_STANDARD = gnu17;
				GCC_NO_COMMON_BLOCKS = YES;
				GCC_WARN_64_TO_32_BIT_CONVERSION = YES;
				GCC_WARN_ABOUT_RETURN_TYPE = YES_ERROR;
				GCC_WARN_UNDECLARED_SELECTOR = YES;
				GCC_WARN_UNINITIALIZED_AUTOS = YES_AGGRESSIVE;
				GCC_WARN_UNUSED_FUNCTION = YES;
				GCC_WARN_UNUSED_VARIABLE = YES;
				IPHONEOS_DEPLOYMENT_TARGET = 17.0;
				LOCALIZATION_PREFERS_STRING_CATALOGS = YES;
				MTL_ENABLE_DEBUG_INFO = NO;
				MTL_FAST_MATH = YES;
				SDKROOT = iphoneos;
				SWIFT_COMPILATION_MODE = wholemodule;
				VALIDATE_PRODUCT = YES;
			};
			name = Release;
		};
		683B454A2C1B6F3B00663912 /* Debug */ = {
			isa = XCBuildConfiguration;
			buildSettings = {
				ASSETCATALOG_COMPILER_APPICON_NAME = AppIcon;
				ASSETCATALOG_COMPILER_GLOBAL_ACCENT_COLOR_NAME = AccentColor;
				CODE_SIGN_STYLE = Automatic;
				CURRENT_PROJECT_VERSION = 1;
				DEVELOPMENT_TEAM = N7QW85QF8V;
				GENERATE_INFOPLIST_FILE = YES;
				INFOPLIST_FILE = Education/Info.plist;
				INFOPLIST_KEY_UIApplicationSupportsIndirectInputEvents = YES;
				INFOPLIST_KEY_UILaunchStoryboardName = LaunchScreen;
				INFOPLIST_KEY_UISupportedInterfaceOrientations_iPad = "UIInterfaceOrientationPortrait UIInterfaceOrientationPortraitUpsideDown UIInterfaceOrientationLandscapeLeft UIInterfaceOrientationLandscapeRight";
				INFOPLIST_KEY_UISupportedInterfaceOrientations_iPhone = "UIInterfaceOrientationPortrait UIInterfaceOrientationLandscapeLeft UIInterfaceOrientationLandscapeRight";
				LD_RUNPATH_SEARCH_PATHS = (
					"$(inherited)",
					"@executable_path/Frameworks",
				);
				MARKETING_VERSION = 1.0;
				PRODUCT_BUNDLE_IDENTIFIER = com.arthursobrosa.Education;
				PRODUCT_NAME = "$(TARGET_NAME)";
				SWIFT_EMIT_LOC_STRINGS = YES;
				SWIFT_VERSION = 5.0;
				TARGETED_DEVICE_FAMILY = "1,2";
			};
			name = Debug;
		};
		683B454B2C1B6F3B00663912 /* Release */ = {
			isa = XCBuildConfiguration;
			buildSettings = {
				ASSETCATALOG_COMPILER_APPICON_NAME = AppIcon;
				ASSETCATALOG_COMPILER_GLOBAL_ACCENT_COLOR_NAME = AccentColor;
				CODE_SIGN_STYLE = Automatic;
				CURRENT_PROJECT_VERSION = 1;
				DEVELOPMENT_TEAM = N7QW85QF8V;
				GENERATE_INFOPLIST_FILE = YES;
				INFOPLIST_FILE = Education/Info.plist;
				INFOPLIST_KEY_UIApplicationSupportsIndirectInputEvents = YES;
				INFOPLIST_KEY_UILaunchStoryboardName = LaunchScreen;
				INFOPLIST_KEY_UISupportedInterfaceOrientations_iPad = "UIInterfaceOrientationPortrait UIInterfaceOrientationPortraitUpsideDown UIInterfaceOrientationLandscapeLeft UIInterfaceOrientationLandscapeRight";
				INFOPLIST_KEY_UISupportedInterfaceOrientations_iPhone = "UIInterfaceOrientationPortrait UIInterfaceOrientationLandscapeLeft UIInterfaceOrientationLandscapeRight";
				LD_RUNPATH_SEARCH_PATHS = (
					"$(inherited)",
					"@executable_path/Frameworks",
				);
				MARKETING_VERSION = 1.0;
				PRODUCT_BUNDLE_IDENTIFIER = com.arthursobrosa.Education;
				PRODUCT_NAME = "$(TARGET_NAME)";
				SWIFT_EMIT_LOC_STRINGS = YES;
				SWIFT_VERSION = 5.0;
				TARGETED_DEVICE_FAMILY = "1,2";
			};
			name = Release;
		};
/* End XCBuildConfiguration section */

/* Begin XCConfigurationList section */
		683B45302C1B6F3A00663912 /* Build configuration list for PBXProject "Education" */ = {
			isa = XCConfigurationList;
			buildConfigurations = (
				683B45472C1B6F3B00663912 /* Debug */,
				683B45482C1B6F3B00663912 /* Release */,
			);
			defaultConfigurationIsVisible = 0;
			defaultConfigurationName = Release;
		};
		683B45492C1B6F3B00663912 /* Build configuration list for PBXNativeTarget "Education" */ = {
			isa = XCConfigurationList;
			buildConfigurations = (
				683B454A2C1B6F3B00663912 /* Debug */,
				683B454B2C1B6F3B00663912 /* Release */,
			);
			defaultConfigurationIsVisible = 0;
			defaultConfigurationName = Release;
		};
/* End XCConfigurationList section */

/* Begin XCVersionGroup section */
		31AA70A02C2C8632002367CA /* DataBase.xcdatamodeld */ = {
			isa = XCVersionGroup;
			children = (
				31AA70A12C2C8632002367CA /* DataBase.xcdatamodel */,
			);
			currentVersion = 31AA70A12C2C8632002367CA /* DataBase.xcdatamodel */;
			name = DataBase.xcdatamodeld;
			path = ../DataBase.xcdatamodeld;
			sourceTree = "<group>";
			versionGroupType = wrapper.xcdatamodel;
		};
/* End XCVersionGroup section */
	};
	rootObject = 683B452D2C1B6F3A00663912 /* Project object */;
}
